// !$*UTF8*$!
{
	archiveVersion = 1;
	classes = {
	};
	objectVersion = 46;
	objects = {

/* Begin PBXBuildFile section */
		203B8029179CBA7F0083016C /* IIWrapController.m in Sources */ = {isa = PBXBuildFile; fileRef = 203B8023179CBA7E0083016C /* IIWrapController.m */; };
		203B802A179CBA7F0083016C /* IISideController.m in Sources */ = {isa = PBXBuildFile; fileRef = 203B8026179CBA7F0083016C /* IISideController.m */; };
		203B802B179CBA7F0083016C /* IIViewDeckController.m in Sources */ = {isa = PBXBuildFile; fileRef = 203B8027179CBA7F0083016C /* IIViewDeckController.m */; };
		2045085917C6F2560062A6D8 /* HMSegmentedControl.m in Sources */ = {isa = PBXBuildFile; fileRef = 2045085817C6F2560062A6D8 /* HMSegmentedControl.m */; };
		207400FE17D028C800B08A38 /* ASIAuthenticationDialog.m in Sources */ = {isa = PBXBuildFile; fileRef = 207400CB17D028C800B08A38 /* ASIAuthenticationDialog.m */; };
		207400FF17D028C800B08A38 /* ASIDataCompressor.m in Sources */ = {isa = PBXBuildFile; fileRef = 207400CE17D028C800B08A38 /* ASIDataCompressor.m */; };
		2074010017D028C800B08A38 /* ASIDataDecompressor.m in Sources */ = {isa = PBXBuildFile; fileRef = 207400D017D028C800B08A38 /* ASIDataDecompressor.m */; };
		2074010117D028C800B08A38 /* ASIDownloadCache.m in Sources */ = {isa = PBXBuildFile; fileRef = 207400D217D028C800B08A38 /* ASIDownloadCache.m */; };
		2074010217D028C800B08A38 /* ASIFormDataRequest.m in Sources */ = {isa = PBXBuildFile; fileRef = 207400D417D028C800B08A38 /* ASIFormDataRequest.m */; };
		2074010317D028C800B08A38 /* ASIHTTPRequest.m in Sources */ = {isa = PBXBuildFile; fileRef = 207400D617D028C800B08A38 /* ASIHTTPRequest.m */; };
		2074010417D028C800B08A38 /* ASIInputStream.m in Sources */ = {isa = PBXBuildFile; fileRef = 207400DA17D028C800B08A38 /* ASIInputStream.m */; };
		2074010517D028C800B08A38 /* ASINetworkQueue.m in Sources */ = {isa = PBXBuildFile; fileRef = 207400DC17D028C800B08A38 /* ASINetworkQueue.m */; };
		2074010617D028C800B08A38 /* ASICloudFilesCDNRequest.m in Sources */ = {isa = PBXBuildFile; fileRef = 207400E017D028C800B08A38 /* ASICloudFilesCDNRequest.m */; };
		2074010717D028C800B08A38 /* ASICloudFilesContainer.m in Sources */ = {isa = PBXBuildFile; fileRef = 207400E217D028C800B08A38 /* ASICloudFilesContainer.m */; };
		2074010817D028C800B08A38 /* ASICloudFilesContainerRequest.m in Sources */ = {isa = PBXBuildFile; fileRef = 207400E417D028C800B08A38 /* ASICloudFilesContainerRequest.m */; };
		2074010917D028C800B08A38 /* ASICloudFilesContainerXMLParserDelegate.m in Sources */ = {isa = PBXBuildFile; fileRef = 207400E617D028C800B08A38 /* ASICloudFilesContainerXMLParserDelegate.m */; };
		2074010A17D028C800B08A38 /* ASICloudFilesObject.m in Sources */ = {isa = PBXBuildFile; fileRef = 207400E817D028C800B08A38 /* ASICloudFilesObject.m */; };
		2074010B17D028C800B08A38 /* ASICloudFilesObjectRequest.m in Sources */ = {isa = PBXBuildFile; fileRef = 207400EA17D028C800B08A38 /* ASICloudFilesObjectRequest.m */; };
		2074010C17D028C800B08A38 /* ASICloudFilesRequest.m in Sources */ = {isa = PBXBuildFile; fileRef = 207400EC17D028C800B08A38 /* ASICloudFilesRequest.m */; };
		2074010D17D028C800B08A38 /* Reachability.m in Sources */ = {isa = PBXBuildFile; fileRef = 207400EF17D028C800B08A38 /* Reachability.m */; };
		2074010E17D028C800B08A38 /* ASIS3Bucket.m in Sources */ = {isa = PBXBuildFile; fileRef = 207400F317D028C800B08A38 /* ASIS3Bucket.m */; };
		2074010F17D028C800B08A38 /* ASIS3BucketObject.m in Sources */ = {isa = PBXBuildFile; fileRef = 207400F517D028C800B08A38 /* ASIS3BucketObject.m */; };
		2074011017D028C800B08A38 /* ASIS3BucketRequest.m in Sources */ = {isa = PBXBuildFile; fileRef = 207400F717D028C800B08A38 /* ASIS3BucketRequest.m */; };
		2074011117D028C800B08A38 /* ASIS3ObjectRequest.m in Sources */ = {isa = PBXBuildFile; fileRef = 207400F917D028C800B08A38 /* ASIS3ObjectRequest.m */; };
		2074011217D028C800B08A38 /* ASIS3Request.m in Sources */ = {isa = PBXBuildFile; fileRef = 207400FB17D028C800B08A38 /* ASIS3Request.m */; };
		2074011317D028C800B08A38 /* ASIS3ServiceRequest.m in Sources */ = {isa = PBXBuildFile; fileRef = 207400FD17D028C800B08A38 /* ASIS3ServiceRequest.m */; };
		2074011717D028FC00B08A38 /* JSONKit.m in Sources */ = {isa = PBXBuildFile; fileRef = 2074011617D028FC00B08A38 /* JSONKit.m */; };
		2074011917D0295E00B08A38 /* libxml2.dylib in Frameworks */ = {isa = PBXBuildFile; fileRef = 2074011817D0295E00B08A38 /* libxml2.dylib */; };
		2074011B17D0296900B08A38 /* libz.dylib in Frameworks */ = {isa = PBXBuildFile; fileRef = 2074011A17D0296900B08A38 /* libz.dylib */; };
		2074011D17D0297A00B08A38 /* MobileCoreServices.framework in Frameworks */ = {isa = PBXBuildFile; fileRef = 2074011C17D0297A00B08A38 /* MobileCoreServices.framework */; };
		2074012317D032DC00B08A38 /* RequestTools.m in Sources */ = {isa = PBXBuildFile; fileRef = 2074012217D032DC00B08A38 /* RequestTools.m */; };
		2074012717D070E300B08A38 /* Cell.m in Sources */ = {isa = PBXBuildFile; fileRef = 2074012617D070E300B08A38 /* Cell.m */; };
		2074012B17D0712C00B08A38 /* AsynImageView.m in Sources */ = {isa = PBXBuildFile; fileRef = 2074012A17D0712C00B08A38 /* AsynImageView.m */; };
		2074012F17D0714600B08A38 /* GroupView.m in Sources */ = {isa = PBXBuildFile; fileRef = 2074012E17D0714600B08A38 /* GroupView.m */; };
		2074013117D0722D00B08A38 /* plant1.jpg in Resources */ = {isa = PBXBuildFile; fileRef = 2074013017D0722C00B08A38 /* plant1.jpg */; };
		20903B1C17C450900052EF21 /* PublciViewsTools.m in Sources */ = {isa = PBXBuildFile; fileRef = 20903B1B17C450900052EF21 /* PublciViewsTools.m */; };
		20903B2017C48C570052EF21 /* ChangePSDPage.m in Sources */ = {isa = PBXBuildFile; fileRef = 20903B1F17C48C560052EF21 /* ChangePSDPage.m */; };
		20A0BC831799392F00CFB711 /* smile32.png in Resources */ = {isa = PBXBuildFile; fileRef = 20A0BC821799392F00CFB711 /* smile32.png */; };
		20A0BC8917993C8700CFB711 /* NetSettingPage.m in Sources */ = {isa = PBXBuildFile; fileRef = 20A0BC8817993C8700CFB711 /* NetSettingPage.m */; };
		20A0BC8D17993D0D00CFB711 /* AboutUsPage.m in Sources */ = {isa = PBXBuildFile; fileRef = 20A0BC8C17993D0D00CFB711 /* AboutUsPage.m */; };
		20A0BC9B179942ED00CFB711 /* btn_nor.png in Resources */ = {isa = PBXBuildFile; fileRef = 20A0BC8F179942ED00CFB711 /* btn_nor.png */; };
		20A0BC9C179942ED00CFB711 /* btn_nor@2x.png in Resources */ = {isa = PBXBuildFile; fileRef = 20A0BC90179942ED00CFB711 /* btn_nor@2x.png */; };
		20A0BC9D179942ED00CFB711 /* btn_press.png in Resources */ = {isa = PBXBuildFile; fileRef = 20A0BC91179942ED00CFB711 /* btn_press.png */; };
		20A0BC9E179942ED00CFB711 /* btn_press@2x.png in Resources */ = {isa = PBXBuildFile; fileRef = 20A0BC92179942ED00CFB711 /* btn_press@2x.png */; };
		20A0BC9F179942ED00CFB711 /* checkBox_blankCheck.png in Resources */ = {isa = PBXBuildFile; fileRef = 20A0BC93179942ED00CFB711 /* checkBox_blankCheck.png */; };
		20A0BCA0179942ED00CFB711 /* checkBox_blankCheck@2x.png in Resources */ = {isa = PBXBuildFile; fileRef = 20A0BC94179942ED00CFB711 /* checkBox_blankCheck@2x.png */; };
		20A0BCA1179942ED00CFB711 /* checkBox_selectCheck.png in Resources */ = {isa = PBXBuildFile; fileRef = 20A0BC95179942ED00CFB711 /* checkBox_selectCheck.png */; };
		20A0BCA2179942ED00CFB711 /* checkBox_selectCheck@2x.png in Resources */ = {isa = PBXBuildFile; fileRef = 20A0BC96179942ED00CFB711 /* checkBox_selectCheck@2x.png */; };
		20A0BCA3179942ED00CFB711 /* 1@2x.png in Resources */ = {isa = PBXBuildFile; fileRef = 20A0BC97179942ED00CFB711 /* 1@2x.png */; };
		20A0BCA4179942ED00CFB711 /* 2@2x.png in Resources */ = {isa = PBXBuildFile; fileRef = 20A0BC98179942ED00CFB711 /* 2@2x.png */; };
		20A0BCA5179942ED00CFB711 /* 3@2x.png in Resources */ = {isa = PBXBuildFile; fileRef = 20A0BC99179942ED00CFB711 /* 3@2x.png */; };
		20A0BCA6179942ED00CFB711 /* 4@2x.png in Resources */ = {isa = PBXBuildFile; fileRef = 20A0BC9A179942ED00CFB711 /* 4@2x.png */; };
		20B971EB17C5A03E00BA6554 /* JustWEBToShowSomeThing.m in Sources */ = {isa = PBXBuildFile; fileRef = 20B971EA17C5A03E00BA6554 /* JustWEBToShowSomeThing.m */; };
		20B971ED17C5A7BD00BA6554 /* windowBg.png in Resources */ = {isa = PBXBuildFile; fileRef = 20B971EC17C5A7BD00BA6554 /* windowBg.png */; };
		20B971F017C5AC0000BA6554 /* MovieDetailPage.m in Sources */ = {isa = PBXBuildFile; fileRef = 20B971EF17C5AC0000BA6554 /* MovieDetailPage.m */; };
		20B971F217C5EC0800BA6554 /* headerimage.png in Resources */ = {isa = PBXBuildFile; fileRef = 20B971F117C5EC0800BA6554 /* headerimage.png */; };
		20D5813517C3142C0000A5C9 /* FeedBackpage.m in Sources */ = {isa = PBXBuildFile; fileRef = 20D5813417C3142C0000A5C9 /* FeedBackpage.m */; };
		20D5813817C346160000A5C9 /* LoginPage.m in Sources */ = {isa = PBXBuildFile; fileRef = 20D5813717C346160000A5C9 /* LoginPage.m */; };
		20D5813B17C3462F0000A5C9 /* RegisterPage.m in Sources */ = {isa = PBXBuildFile; fileRef = 20D5813A17C3462F0000A5C9 /* RegisterPage.m */; };
		20D5813E17C366A90000A5C9 /* ForgetPSDPage.m in Sources */ = {isa = PBXBuildFile; fileRef = 20D5813D17C366A90000A5C9 /* ForgetPSDPage.m */; };
		20E8A4AB1797B51400160DE1 /* skin_blue_nav-menu-icon.png in Resources */ = {isa = PBXBuildFile; fileRef = 20E8A4AA1797B51400160DE1 /* skin_blue_nav-menu-icon.png */; };
		20E8A4B71797BE4C00160DE1 /* ExpansionTableTestData.plist in Resources */ = {isa = PBXBuildFile; fileRef = 20E8A4B61797BE4C00160DE1 /* ExpansionTableTestData.plist */; };
		20E8A4BD1797BE7C00160DE1 /* DownAccessory@2x.png in Resources */ = {isa = PBXBuildFile; fileRef = 20E8A4B91797BE7C00160DE1 /* DownAccessory@2x.png */; };
		20E8A4BE1797BE7C00160DE1 /* UpAccessory@2x.png in Resources */ = {isa = PBXBuildFile; fileRef = 20E8A4BA1797BE7C00160DE1 /* UpAccessory@2x.png */; };
		20E8A4BF1797BE7C00160DE1 /* UpAccessory.png in Resources */ = {isa = PBXBuildFile; fileRef = 20E8A4BB1797BE7C00160DE1 /* UpAccessory.png */; };
		20E8A4C01797BE7C00160DE1 /* DownAccessory.png in Resources */ = {isa = PBXBuildFile; fileRef = 20E8A4BC1797BE7C00160DE1 /* DownAccessory.png */; };
		20E8A4C21797C13700160DE1 /* test.png in Resources */ = {isa = PBXBuildFile; fileRef = 20E8A4C11797C13700160DE1 /* test.png */; };
		20E8A4C41797C25700160DE1 /* skin_blue_navbar_bg@2x.png in Resources */ = {isa = PBXBuildFile; fileRef = 20E8A4C31797C25700160DE1 /* skin_blue_navbar_bg@2x.png */; };
		20E8A4C71797C5E700160DE1 /* goBack.png in Resources */ = {isa = PBXBuildFile; fileRef = 20E8A4C51797C5E700160DE1 /* goBack.png */; };
		20E8A4C81797C5E700160DE1 /* goBack@2x.png in Resources */ = {isa = PBXBuildFile; fileRef = 20E8A4C61797C5E700160DE1 /* goBack@2x.png */; };
		20E8A4CB1797C60000160DE1 /* myFriends.png in Resources */ = {isa = PBXBuildFile; fileRef = 20E8A4C91797C60000160DE1 /* myFriends.png */; };
		20E8A4CC1797C60000160DE1 /* myFriends@2x.png in Resources */ = {isa = PBXBuildFile; fileRef = 20E8A4CA1797C60000160DE1 /* myFriends@2x.png */; };
		20E8A4CF1797C60D00160DE1 /* navbar.png in Resources */ = {isa = PBXBuildFile; fileRef = 20E8A4CD1797C60C00160DE1 /* navbar.png */; };
		20E8A4D01797C60D00160DE1 /* navbar@2x.png in Resources */ = {isa = PBXBuildFile; fileRef = 20E8A4CE1797C60C00160DE1 /* navbar@2x.png */; };
		20E8A4D31797C93C00160DE1 /* Next.png in Resources */ = {isa = PBXBuildFile; fileRef = 20E8A4D11797C93B00160DE1 /* Next.png */; };
		20E8A4D41797C93C00160DE1 /* Next@2x.png in Resources */ = {isa = PBXBuildFile; fileRef = 20E8A4D21797C93C00160DE1 /* Next@2x.png */; };
		20E8A4D71797CF4F00160DE1 /* qie_110.png in Resources */ = {isa = PBXBuildFile; fileRef = 20E8A4D51797CF4F00160DE1 /* qie_110.png */; };
		20E8A4D81797CF4F00160DE1 /* qie_110@2x.png in Resources */ = {isa = PBXBuildFile; fileRef = 20E8A4D61797CF4F00160DE1 /* qie_110@2x.png */; };
		20E8A4DC1797D54900160DE1 /* MyLikeAuthorListPage.m in Sources */ = {isa = PBXBuildFile; fileRef = 20E8A4DB1797D54900160DE1 /* MyLikeAuthorListPage.m */; };
		20E8A4E81797E14E00160DE1 /* SetTingPage.m in Sources */ = {isa = PBXBuildFile; fileRef = 20E8A4E71797E14E00160DE1 /* SetTingPage.m */; };
		20E8A4EC1797E98E00160DE1 /* AuthorMoviesListPage.m in Sources */ = {isa = PBXBuildFile; fileRef = 20E8A4EB1797E98E00160DE1 /* AuthorMoviesListPage.m */; };
		2306E45E17966E3B00BD3808 /* test.test.png in Resources */ = {isa = PBXBuildFile; fileRef = 2306E45D17966E3B00BD3808 /* test.test.png */; };
		2316907C17C3500000B47694 /* SystemConfiguration.framework in Frameworks */ = {isa = PBXBuildFile; fileRef = 2316907B17C3500000B47694 /* SystemConfiguration.framework */; };
		2316907E17C3500D00B47694 /* CFNetwork.framework in Frameworks */ = {isa = PBXBuildFile; fileRef = 2316907D17C3500D00B47694 /* CFNetwork.framework */; };
		2316908617C3508B00B47694 /* MBProgressHUD.m in Sources */ = {isa = PBXBuildFile; fileRef = 2316908117C3508B00B47694 /* MBProgressHUD.m */; };
		2316908817C3508B00B47694 /* Tools.m in Sources */ = {isa = PBXBuildFile; fileRef = 2316908517C3508B00B47694 /* Tools.m */; };
		233A4ED917CB4996007F1143 /* MessageUI.framework in Frameworks */ = {isa = PBXBuildFile; fileRef = 233A4ED817CB4996007F1143 /* MessageUI.framework */; };
		233A4EDB17CB49E6007F1143 /* CoreTelephony.framework in Frameworks */ = {isa = PBXBuildFile; fileRef = 233A4EDA17CB49E6007F1143 /* CoreTelephony.framework */; };
		233A4EDD17CB4A08007F1143 /* libsqlite3.dylib in Frameworks */ = {isa = PBXBuildFile; fileRef = 233A4EDC17CB4A08007F1143 /* libsqlite3.dylib */; };
		233A4EDF17CB4A1B007F1143 /* libstdc++.dylib in Frameworks */ = {isa = PBXBuildFile; fileRef = 233A4EDE17CB4A1B007F1143 /* libstdc++.dylib */; };
		233A4EE117CB4A30007F1143 /* libicucore.dylib in Frameworks */ = {isa = PBXBuildFile; fileRef = 233A4EE017CB4A30007F1143 /* libicucore.dylib */; };
		233A4EE317CB4A3F007F1143 /* libz.1.2.5.dylib in Frameworks */ = {isa = PBXBuildFile; fileRef = 233A4EE217CB4A3F007F1143 /* libz.1.2.5.dylib */; };
		233DC57617CC3E6B00822759 /* SettingCell.m in Sources */ = {isa = PBXBuildFile; fileRef = 233DC57517CC3E6B00822759 /* SettingCell.m */; };
		233DC57D17CC3E8300822759 /* AuthorCell.m in Sources */ = {isa = PBXBuildFile; fileRef = 233DC57817CC3E8300822759 /* AuthorCell.m */; };
		233DC57E17CC3E8300822759 /* MovieCell.m in Sources */ = {isa = PBXBuildFile; fileRef = 233DC57A17CC3E8300822759 /* MovieCell.m */; };
		233DC57F17CC3E8300822759 /* MyFavorAuthorCell.m in Sources */ = {isa = PBXBuildFile; fileRef = 233DC57C17CC3E8300822759 /* MyFavorAuthorCell.m */; };
		233DC5BE17CC400B00822759 /* QQConnection.framework in Frameworks */ = {isa = PBXBuildFile; fileRef = 233DC58B17CC400B00822759 /* QQConnection.framework */; };
		233DC5BF17CC400B00822759 /* QZoneConnection.framework in Frameworks */ = {isa = PBXBuildFile; fileRef = 233DC58C17CC400B00822759 /* QZoneConnection.framework */; };
		233DC5C117CC400B00822759 /* SinaWeiboConnection.framework in Frameworks */ = {isa = PBXBuildFile; fileRef = 233DC58E17CC400B00822759 /* SinaWeiboConnection.framework */; };
		233DC5C217CC400B00822759 /* SMSConnection.framework in Frameworks */ = {isa = PBXBuildFile; fileRef = 233DC58F17CC400B00822759 /* SMSConnection.framework */; };
		233DC5C617CC400B00822759 /* TencentWeiboConnection.framework in Frameworks */ = {isa = PBXBuildFile; fileRef = 233DC59317CC400B00822759 /* TencentWeiboConnection.framework */; };
		233DC5C817CC400C00822759 /* WeChatConnection.framework in Frameworks */ = {isa = PBXBuildFile; fileRef = 233DC59517CC400B00822759 /* WeChatConnection.framework */; };
		233DC5CA17CC400C00822759 /* AGCommon.framework in Frameworks */ = {isa = PBXBuildFile; fileRef = 233DC59817CC400B00822759 /* AGCommon.framework */; };
		233DC5CB17CC400C00822759 /* Resource.bundle in Resources */ = {isa = PBXBuildFile; fileRef = 233DC59917CC400B00822759 /* Resource.bundle */; };
		233DC5CC17CC400C00822759 /* ShareSDKCoreService.framework in Frameworks */ = {isa = PBXBuildFile; fileRef = 233DC59A17CC400B00822759 /* ShareSDKCoreService.framework */; };
		233DC5CD17CC400C00822759 /* ShareSDKLocalizable.strings in Resources */ = {isa = PBXBuildFile; fileRef = 233DC59B17CC400B00822759 /* ShareSDKLocalizable.strings */; };
		233DC5CE17CC400C00822759 /* RennSDK.bundle in Resources */ = {isa = PBXBuildFile; fileRef = 233DC59E17CC400B00822759 /* RennSDK.bundle */; };
		233DC5CF17CC400C00822759 /* RennSDK.framework in Frameworks */ = {isa = PBXBuildFile; fileRef = 233DC59F17CC400B00822759 /* RennSDK.framework */; };
		233DC5D017CC400C00822759 /* libWeChatSDK_armv7_armv7s.a in Frameworks */ = {isa = PBXBuildFile; fileRef = 233DC5A117CC400B00822759 /* libWeChatSDK_armv7_armv7s.a */; };
		233DC5D117CC400C00822759 /* TencentOpenAPI.framework in Frameworks */ = {isa = PBXBuildFile; fileRef = 233DC5A417CC400B00822759 /* TencentOpenAPI.framework */; };
		233DC5D217CC400C00822759 /* TencentOpenApi_IOS_Bundle.bundle in Resources */ = {isa = PBXBuildFile; fileRef = 233DC5A517CC400B00822759 /* TencentOpenApi_IOS_Bundle.bundle */; };
		233DC5D317CC400C00822759 /* libWeiboSDK.a in Frameworks */ = {isa = PBXBuildFile; fileRef = 233DC5A717CC400B00822759 /* libWeiboSDK.a */; };
		233DC5D417CC400C00822759 /* ShareSDK.framework in Frameworks */ = {isa = PBXBuildFile; fileRef = 233DC5AA17CC400B00822759 /* ShareSDK.framework */; };
		233DC5D917CC400C00822759 /* ShareSDKiPhoneAppRecommendShareViewUI.framework in Frameworks */ = {isa = PBXBuildFile; fileRef = 233DC5B017CC400B00822759 /* ShareSDKiPhoneAppRecommendShareViewUI.framework */; };
		233DC5DA17CC400C00822759 /* ShareSDKiPhoneDefaultShareViewUI.bundle in Resources */ = {isa = PBXBuildFile; fileRef = 233DC5B117CC400B00822759 /* ShareSDKiPhoneDefaultShareViewUI.bundle */; };
		233DC5DB17CC400C00822759 /* ShareSDKiPhoneDefaultShareViewUI.framework in Frameworks */ = {isa = PBXBuildFile; fileRef = 233DC5B217CC400B00822759 /* ShareSDKiPhoneDefaultShareViewUI.framework */; };
		233DC5DC17CC400C00822759 /* ShareSDKiPhoneSimpleShareViewUI.bundle in Resources */ = {isa = PBXBuildFile; fileRef = 233DC5B317CC400B00822759 /* ShareSDKiPhoneSimpleShareViewUI.bundle */; };
		233DC5DD17CC400C00822759 /* ShareSDKiPhoneSimpleShareViewUI.framework in Frameworks */ = {isa = PBXBuildFile; fileRef = 233DC5B417CC400B00822759 /* ShareSDKiPhoneSimpleShareViewUI.framework */; };
		23AA7CE31794E0C700C7A8B1 /* UIViewAdditions.m in Sources */ = {isa = PBXBuildFile; fileRef = 23AA7CE21794E0C700C7A8B1 /* UIViewAdditions.m */; };
		23AA7CEF1794E10400C7A8B1 /* WZGuideViewController.m in Sources */ = {isa = PBXBuildFile; fileRef = 23AA7CEE1794E10400C7A8B1 /* WZGuideViewController.m */; };
		23AA7CF91794E2C300C7A8B1 /* LeftViewController.m in Sources */ = {isa = PBXBuildFile; fileRef = 23AA7CF81794E2C300C7A8B1 /* LeftViewController.m */; };
		23AA7D031795424A00C7A8B1 /* UserViewController.m in Sources */ = {isa = PBXBuildFile; fileRef = 23AA7D021795424A00C7A8B1 /* UserViewController.m */; };
		23AA7D0617954B1900C7A8B1 /* Public_ViewController.m in Sources */ = {isa = PBXBuildFile; fileRef = 23AA7D0517954B1900C7A8B1 /* Public_ViewController.m */; };
		23DA1F5017938B030092FB0F /* UIKit.framework in Frameworks */ = {isa = PBXBuildFile; fileRef = 23DA1F4F17938B030092FB0F /* UIKit.framework */; };
		23DA1F5217938B030092FB0F /* Foundation.framework in Frameworks */ = {isa = PBXBuildFile; fileRef = 23DA1F5117938B030092FB0F /* Foundation.framework */; };
		23DA1F5417938B030092FB0F /* CoreGraphics.framework in Frameworks */ = {isa = PBXBuildFile; fileRef = 23DA1F5317938B030092FB0F /* CoreGraphics.framework */; };
		23DA1F5A17938B030092FB0F /* InfoPlist.strings in Resources */ = {isa = PBXBuildFile; fileRef = 23DA1F5817938B030092FB0F /* InfoPlist.strings */; };
		23DA1F5C17938B030092FB0F /* main.m in Sources */ = {isa = PBXBuildFile; fileRef = 23DA1F5B17938B030092FB0F /* main.m */; };
		23DA1F6017938B030092FB0F /* AppDelegate.m in Sources */ = {isa = PBXBuildFile; fileRef = 23DA1F5F17938B030092FB0F /* AppDelegate.m */; };
		23DA1F6217938B030092FB0F /* Default.png in Resources */ = {isa = PBXBuildFile; fileRef = 23DA1F6117938B030092FB0F /* Default.png */; };
		23DA1F6417938B030092FB0F /* Default@2x.png in Resources */ = {isa = PBXBuildFile; fileRef = 23DA1F6317938B030092FB0F /* Default@2x.png */; };
		23DA1F6617938B030092FB0F /* Default-568h@2x.png in Resources */ = {isa = PBXBuildFile; fileRef = 23DA1F6517938B030092FB0F /* Default-568h@2x.png */; };
		23DA1F6E17938B740092FB0F /* RootViewController.m in Sources */ = {isa = PBXBuildFile; fileRef = 23DA1F6D17938B740092FB0F /* RootViewController.m */; };
		23DA1F7C17938F790092FB0F /* iCarousel.m in Sources */ = {isa = PBXBuildFile; fileRef = 23DA1F7B17938F790092FB0F /* iCarousel.m */; };
		23DA1F7E17938F9A0092FB0F /* QuartzCore.framework in Frameworks */ = {isa = PBXBuildFile; fileRef = 23DA1F7D17938F9A0092FB0F /* QuartzCore.framework */; };
		23DA1F811793904E0092FB0F /* Animation_Turn_View.m in Sources */ = {isa = PBXBuildFile; fileRef = 23DA1F801793904E0092FB0F /* Animation_Turn_View.m */; };
		23DA1F881793BB960092FB0F /* SBView.m in Sources */ = {isa = PBXBuildFile; fileRef = 23DA1F871793BB960092FB0F /* SBView.m */; };
/* End PBXBuildFile section */

/* Begin PBXFileReference section */
		203B8023179CBA7E0083016C /* IIWrapController.m */ = {isa = PBXFileReference; fileEncoding = 4; lastKnownFileType = sourcecode.c.objc; path = IIWrapController.m; sourceTree = "<group>"; };
		203B8024179CBA7F0083016C /* IIWrapController.h */ = {isa = PBXFileReference; fileEncoding = 4; lastKnownFileType = sourcecode.c.h; path = IIWrapController.h; sourceTree = "<group>"; };
		203B8025179CBA7F0083016C /* IISideController.h */ = {isa = PBXFileReference; fileEncoding = 4; lastKnownFileType = sourcecode.c.h; path = IISideController.h; sourceTree = "<group>"; };
		203B8026179CBA7F0083016C /* IISideController.m */ = {isa = PBXFileReference; fileEncoding = 4; lastKnownFileType = sourcecode.c.objc; path = IISideController.m; sourceTree = "<group>"; };
		203B8027179CBA7F0083016C /* IIViewDeckController.m */ = {isa = PBXFileReference; fileEncoding = 4; lastKnownFileType = sourcecode.c.objc; path = IIViewDeckController.m; sourceTree = "<group>"; };
		203B8028179CBA7F0083016C /* IIViewDeckController.h */ = {isa = PBXFileReference; fileEncoding = 4; lastKnownFileType = sourcecode.c.h; path = IIViewDeckController.h; sourceTree = "<group>"; };
		2045085717C6F2560062A6D8 /* HMSegmentedControl.h */ = {isa = PBXFileReference; fileEncoding = 4; lastKnownFileType = sourcecode.c.h; path = HMSegmentedControl.h; sourceTree = "<group>"; };
		2045085817C6F2560062A6D8 /* HMSegmentedControl.m */ = {isa = PBXFileReference; fileEncoding = 4; lastKnownFileType = sourcecode.c.objc; path = HMSegmentedControl.m; sourceTree = "<group>"; };
		207400CA17D028C800B08A38 /* ASIAuthenticationDialog.h */ = {isa = PBXFileReference; fileEncoding = 4; lastKnownFileType = sourcecode.c.h; path = ASIAuthenticationDialog.h; sourceTree = "<group>"; };
		207400CB17D028C800B08A38 /* ASIAuthenticationDialog.m */ = {isa = PBXFileReference; fileEncoding = 4; lastKnownFileType = sourcecode.c.objc; path = ASIAuthenticationDialog.m; sourceTree = "<group>"; };
		207400CC17D028C800B08A38 /* ASICacheDelegate.h */ = {isa = PBXFileReference; fileEncoding = 4; lastKnownFileType = sourcecode.c.h; path = ASICacheDelegate.h; sourceTree = "<group>"; };
		207400CD17D028C800B08A38 /* ASIDataCompressor.h */ = {isa = PBXFileReference; fileEncoding = 4; lastKnownFileType = sourcecode.c.h; path = ASIDataCompressor.h; sourceTree = "<group>"; };
		207400CE17D028C800B08A38 /* ASIDataCompressor.m */ = {isa = PBXFileReference; fileEncoding = 4; lastKnownFileType = sourcecode.c.objc; path = ASIDataCompressor.m; sourceTree = "<group>"; };
		207400CF17D028C800B08A38 /* ASIDataDecompressor.h */ = {isa = PBXFileReference; fileEncoding = 4; lastKnownFileType = sourcecode.c.h; path = ASIDataDecompressor.h; sourceTree = "<group>"; };
		207400D017D028C800B08A38 /* ASIDataDecompressor.m */ = {isa = PBXFileReference; fileEncoding = 4; lastKnownFileType = sourcecode.c.objc; path = ASIDataDecompressor.m; sourceTree = "<group>"; };
		207400D117D028C800B08A38 /* ASIDownloadCache.h */ = {isa = PBXFileReference; fileEncoding = 4; lastKnownFileType = sourcecode.c.h; path = ASIDownloadCache.h; sourceTree = "<group>"; };
		207400D217D028C800B08A38 /* ASIDownloadCache.m */ = {isa = PBXFileReference; fileEncoding = 4; lastKnownFileType = sourcecode.c.objc; path = ASIDownloadCache.m; sourceTree = "<group>"; };
		207400D317D028C800B08A38 /* ASIFormDataRequest.h */ = {isa = PBXFileReference; fileEncoding = 4; lastKnownFileType = sourcecode.c.h; path = ASIFormDataRequest.h; sourceTree = "<group>"; };
		207400D417D028C800B08A38 /* ASIFormDataRequest.m */ = {isa = PBXFileReference; fileEncoding = 4; lastKnownFileType = sourcecode.c.objc; path = ASIFormDataRequest.m; sourceTree = "<group>"; };
		207400D517D028C800B08A38 /* ASIHTTPRequest.h */ = {isa = PBXFileReference; fileEncoding = 4; lastKnownFileType = sourcecode.c.h; path = ASIHTTPRequest.h; sourceTree = "<group>"; };
		207400D617D028C800B08A38 /* ASIHTTPRequest.m */ = {isa = PBXFileReference; fileEncoding = 4; lastKnownFileType = sourcecode.c.objc; path = ASIHTTPRequest.m; sourceTree = "<group>"; };
		207400D717D028C800B08A38 /* ASIHTTPRequestConfig.h */ = {isa = PBXFileReference; fileEncoding = 4; lastKnownFileType = sourcecode.c.h; path = ASIHTTPRequestConfig.h; sourceTree = "<group>"; };
		207400D817D028C800B08A38 /* ASIHTTPRequestDelegate.h */ = {isa = PBXFileReference; fileEncoding = 4; lastKnownFileType = sourcecode.c.h; path = ASIHTTPRequestDelegate.h; sourceTree = "<group>"; };
		207400D917D028C800B08A38 /* ASIInputStream.h */ = {isa = PBXFileReference; fileEncoding = 4; lastKnownFileType = sourcecode.c.h; path = ASIInputStream.h; sourceTree = "<group>"; };
		207400DA17D028C800B08A38 /* ASIInputStream.m */ = {isa = PBXFileReference; fileEncoding = 4; lastKnownFileType = sourcecode.c.objc; path = ASIInputStream.m; sourceTree = "<group>"; };
		207400DB17D028C800B08A38 /* ASINetworkQueue.h */ = {isa = PBXFileReference; fileEncoding = 4; lastKnownFileType = sourcecode.c.h; path = ASINetworkQueue.h; sourceTree = "<group>"; };
		207400DC17D028C800B08A38 /* ASINetworkQueue.m */ = {isa = PBXFileReference; fileEncoding = 4; lastKnownFileType = sourcecode.c.objc; path = ASINetworkQueue.m; sourceTree = "<group>"; };
		207400DD17D028C800B08A38 /* ASIProgressDelegate.h */ = {isa = PBXFileReference; fileEncoding = 4; lastKnownFileType = sourcecode.c.h; path = ASIProgressDelegate.h; sourceTree = "<group>"; };
		207400DF17D028C800B08A38 /* ASICloudFilesCDNRequest.h */ = {isa = PBXFileReference; fileEncoding = 4; lastKnownFileType = sourcecode.c.h; path = ASICloudFilesCDNRequest.h; sourceTree = "<group>"; };
		207400E017D028C800B08A38 /* ASICloudFilesCDNRequest.m */ = {isa = PBXFileReference; fileEncoding = 4; lastKnownFileType = sourcecode.c.objc; path = ASICloudFilesCDNRequest.m; sourceTree = "<group>"; };
		207400E117D028C800B08A38 /* ASICloudFilesContainer.h */ = {isa = PBXFileReference; fileEncoding = 4; lastKnownFileType = sourcecode.c.h; path = ASICloudFilesContainer.h; sourceTree = "<group>"; };
		207400E217D028C800B08A38 /* ASICloudFilesContainer.m */ = {isa = PBXFileReference; fileEncoding = 4; lastKnownFileType = sourcecode.c.objc; path = ASICloudFilesContainer.m; sourceTree = "<group>"; };
		207400E317D028C800B08A38 /* ASICloudFilesContainerRequest.h */ = {isa = PBXFileReference; fileEncoding = 4; lastKnownFileType = sourcecode.c.h; path = ASICloudFilesContainerRequest.h; sourceTree = "<group>"; };
		207400E417D028C800B08A38 /* ASICloudFilesContainerRequest.m */ = {isa = PBXFileReference; fileEncoding = 4; lastKnownFileType = sourcecode.c.objc; path = ASICloudFilesContainerRequest.m; sourceTree = "<group>"; };
		207400E517D028C800B08A38 /* ASICloudFilesContainerXMLParserDelegate.h */ = {isa = PBXFileReference; fileEncoding = 4; lastKnownFileType = sourcecode.c.h; path = ASICloudFilesContainerXMLParserDelegate.h; sourceTree = "<group>"; };
		207400E617D028C800B08A38 /* ASICloudFilesContainerXMLParserDelegate.m */ = {isa = PBXFileReference; fileEncoding = 4; lastKnownFileType = sourcecode.c.objc; path = ASICloudFilesContainerXMLParserDelegate.m; sourceTree = "<group>"; };
		207400E717D028C800B08A38 /* ASICloudFilesObject.h */ = {isa = PBXFileReference; fileEncoding = 4; lastKnownFileType = sourcecode.c.h; path = ASICloudFilesObject.h; sourceTree = "<group>"; };
		207400E817D028C800B08A38 /* ASICloudFilesObject.m */ = {isa = PBXFileReference; fileEncoding = 4; lastKnownFileType = sourcecode.c.objc; path = ASICloudFilesObject.m; sourceTree = "<group>"; };
		207400E917D028C800B08A38 /* ASICloudFilesObjectRequest.h */ = {isa = PBXFileReference; fileEncoding = 4; lastKnownFileType = sourcecode.c.h; path = ASICloudFilesObjectRequest.h; sourceTree = "<group>"; };
		207400EA17D028C800B08A38 /* ASICloudFilesObjectRequest.m */ = {isa = PBXFileReference; fileEncoding = 4; lastKnownFileType = sourcecode.c.objc; path = ASICloudFilesObjectRequest.m; sourceTree = "<group>"; };
		207400EB17D028C800B08A38 /* ASICloudFilesRequest.h */ = {isa = PBXFileReference; fileEncoding = 4; lastKnownFileType = sourcecode.c.h; path = ASICloudFilesRequest.h; sourceTree = "<group>"; };
		207400EC17D028C800B08A38 /* ASICloudFilesRequest.m */ = {isa = PBXFileReference; fileEncoding = 4; lastKnownFileType = sourcecode.c.objc; path = ASICloudFilesRequest.m; sourceTree = "<group>"; };
		207400EE17D028C800B08A38 /* Reachability.h */ = {isa = PBXFileReference; fileEncoding = 4; lastKnownFileType = sourcecode.c.h; path = Reachability.h; sourceTree = "<group>"; };
		207400EF17D028C800B08A38 /* Reachability.m */ = {isa = PBXFileReference; fileEncoding = 4; lastKnownFileType = sourcecode.c.objc; path = Reachability.m; sourceTree = "<group>"; };
		207400F117D028C800B08A38 /* ASINSXMLParserCompat.h */ = {isa = PBXFileReference; fileEncoding = 4; lastKnownFileType = sourcecode.c.h; path = ASINSXMLParserCompat.h; sourceTree = "<group>"; };
		207400F217D028C800B08A38 /* ASIS3Bucket.h */ = {isa = PBXFileReference; fileEncoding = 4; lastKnownFileType = sourcecode.c.h; path = ASIS3Bucket.h; sourceTree = "<group>"; };
		207400F317D028C800B08A38 /* ASIS3Bucket.m */ = {isa = PBXFileReference; fileEncoding = 4; lastKnownFileType = sourcecode.c.objc; path = ASIS3Bucket.m; sourceTree = "<group>"; };
		207400F417D028C800B08A38 /* ASIS3BucketObject.h */ = {isa = PBXFileReference; fileEncoding = 4; lastKnownFileType = sourcecode.c.h; path = ASIS3BucketObject.h; sourceTree = "<group>"; };
		207400F517D028C800B08A38 /* ASIS3BucketObject.m */ = {isa = PBXFileReference; fileEncoding = 4; lastKnownFileType = sourcecode.c.objc; path = ASIS3BucketObject.m; sourceTree = "<group>"; };
		207400F617D028C800B08A38 /* ASIS3BucketRequest.h */ = {isa = PBXFileReference; fileEncoding = 4; lastKnownFileType = sourcecode.c.h; path = ASIS3BucketRequest.h; sourceTree = "<group>"; };
		207400F717D028C800B08A38 /* ASIS3BucketRequest.m */ = {isa = PBXFileReference; fileEncoding = 4; lastKnownFileType = sourcecode.c.objc; path = ASIS3BucketRequest.m; sourceTree = "<group>"; };
		207400F817D028C800B08A38 /* ASIS3ObjectRequest.h */ = {isa = PBXFileReference; fileEncoding = 4; lastKnownFileType = sourcecode.c.h; path = ASIS3ObjectRequest.h; sourceTree = "<group>"; };
		207400F917D028C800B08A38 /* ASIS3ObjectRequest.m */ = {isa = PBXFileReference; fileEncoding = 4; lastKnownFileType = sourcecode.c.objc; path = ASIS3ObjectRequest.m; sourceTree = "<group>"; };
		207400FA17D028C800B08A38 /* ASIS3Request.h */ = {isa = PBXFileReference; fileEncoding = 4; lastKnownFileType = sourcecode.c.h; path = ASIS3Request.h; sourceTree = "<group>"; };
		207400FB17D028C800B08A38 /* ASIS3Request.m */ = {isa = PBXFileReference; fileEncoding = 4; lastKnownFileType = sourcecode.c.objc; path = ASIS3Request.m; sourceTree = "<group>"; };
		207400FC17D028C800B08A38 /* ASIS3ServiceRequest.h */ = {isa = PBXFileReference; fileEncoding = 4; lastKnownFileType = sourcecode.c.h; path = ASIS3ServiceRequest.h; sourceTree = "<group>"; };
		207400FD17D028C800B08A38 /* ASIS3ServiceRequest.m */ = {isa = PBXFileReference; fileEncoding = 4; lastKnownFileType = sourcecode.c.objc; path = ASIS3ServiceRequest.m; sourceTree = "<group>"; };
		2074011517D028FC00B08A38 /* JSONKit.h */ = {isa = PBXFileReference; fileEncoding = 4; lastKnownFileType = sourcecode.c.h; path = JSONKit.h; sourceTree = "<group>"; };
		2074011617D028FC00B08A38 /* JSONKit.m */ = {isa = PBXFileReference; fileEncoding = 4; lastKnownFileType = sourcecode.c.objc; path = JSONKit.m; sourceTree = "<group>"; };
		2074011817D0295E00B08A38 /* libxml2.dylib */ = {isa = PBXFileReference; lastKnownFileType = "compiled.mach-o.dylib"; name = libxml2.dylib; path = usr/lib/libxml2.dylib; sourceTree = SDKROOT; };
		2074011A17D0296900B08A38 /* libz.dylib */ = {isa = PBXFileReference; lastKnownFileType = "compiled.mach-o.dylib"; name = libz.dylib; path = usr/lib/libz.dylib; sourceTree = SDKROOT; };
		2074011C17D0297A00B08A38 /* MobileCoreServices.framework */ = {isa = PBXFileReference; lastKnownFileType = wrapper.framework; name = MobileCoreServices.framework; path = System/Library/Frameworks/MobileCoreServices.framework; sourceTree = SDKROOT; };
		2074012117D032DC00B08A38 /* RequestTools.h */ = {isa = PBXFileReference; fileEncoding = 4; lastKnownFileType = sourcecode.c.h; path = RequestTools.h; sourceTree = "<group>"; };
		2074012217D032DC00B08A38 /* RequestTools.m */ = {isa = PBXFileReference; fileEncoding = 4; lastKnownFileType = sourcecode.c.objc; path = RequestTools.m; sourceTree = "<group>"; };
		2074012517D070E300B08A38 /* Cell.h */ = {isa = PBXFileReference; fileEncoding = 4; lastKnownFileType = sourcecode.c.h; path = Cell.h; sourceTree = "<group>"; };
		2074012617D070E300B08A38 /* Cell.m */ = {isa = PBXFileReference; fileEncoding = 4; lastKnownFileType = sourcecode.c.objc; path = Cell.m; sourceTree = "<group>"; };
		2074012917D0712C00B08A38 /* AsynImageView.h */ = {isa = PBXFileReference; fileEncoding = 4; lastKnownFileType = sourcecode.c.h; path = AsynImageView.h; sourceTree = "<group>"; };
		2074012A17D0712C00B08A38 /* AsynImageView.m */ = {isa = PBXFileReference; fileEncoding = 4; lastKnownFileType = sourcecode.c.objc; path = AsynImageView.m; sourceTree = "<group>"; };
		2074012D17D0714600B08A38 /* GroupView.h */ = {isa = PBXFileReference; fileEncoding = 4; lastKnownFileType = sourcecode.c.h; path = GroupView.h; sourceTree = "<group>"; };
		2074012E17D0714600B08A38 /* GroupView.m */ = {isa = PBXFileReference; fileEncoding = 4; lastKnownFileType = sourcecode.c.objc; path = GroupView.m; sourceTree = "<group>"; };
		2074013017D0722C00B08A38 /* plant1.jpg */ = {isa = PBXFileReference; lastKnownFileType = image.jpeg; path = plant1.jpg; sourceTree = "<group>"; };
		20903B1A17C450900052EF21 /* PublciViewsTools.h */ = {isa = PBXFileReference; fileEncoding = 4; lastKnownFileType = sourcecode.c.h; path = PublciViewsTools.h; sourceTree = "<group>"; };
		20903B1B17C450900052EF21 /* PublciViewsTools.m */ = {isa = PBXFileReference; fileEncoding = 4; lastKnownFileType = sourcecode.c.objc; path = PublciViewsTools.m; sourceTree = "<group>"; };
		20903B1E17C48C560052EF21 /* ChangePSDPage.h */ = {isa = PBXFileReference; fileEncoding = 4; lastKnownFileType = sourcecode.c.h; path = ChangePSDPage.h; sourceTree = "<group>"; };
		20903B1F17C48C560052EF21 /* ChangePSDPage.m */ = {isa = PBXFileReference; fileEncoding = 4; lastKnownFileType = sourcecode.c.objc; path = ChangePSDPage.m; sourceTree = "<group>"; };
		20A0BC821799392F00CFB711 /* smile32.png */ = {isa = PBXFileReference; lastKnownFileType = image.png; path = smile32.png; sourceTree = "<group>"; };
		20A0BC8717993C8700CFB711 /* NetSettingPage.h */ = {isa = PBXFileReference; fileEncoding = 4; lastKnownFileType = sourcecode.c.h; path = NetSettingPage.h; sourceTree = "<group>"; };
		20A0BC8817993C8700CFB711 /* NetSettingPage.m */ = {isa = PBXFileReference; fileEncoding = 4; lastKnownFileType = sourcecode.c.objc; path = NetSettingPage.m; sourceTree = "<group>"; };
		20A0BC8B17993D0D00CFB711 /* AboutUsPage.h */ = {isa = PBXFileReference; fileEncoding = 4; lastKnownFileType = sourcecode.c.h; path = AboutUsPage.h; sourceTree = "<group>"; };
		20A0BC8C17993D0D00CFB711 /* AboutUsPage.m */ = {isa = PBXFileReference; fileEncoding = 4; lastKnownFileType = sourcecode.c.objc; path = AboutUsPage.m; sourceTree = "<group>"; };
		20A0BC8F179942ED00CFB711 /* btn_nor.png */ = {isa = PBXFileReference; lastKnownFileType = image.png; path = btn_nor.png; sourceTree = "<group>"; };
		20A0BC90179942ED00CFB711 /* btn_nor@2x.png */ = {isa = PBXFileReference; lastKnownFileType = image.png; path = "btn_nor@2x.png"; sourceTree = "<group>"; };
		20A0BC91179942ED00CFB711 /* btn_press.png */ = {isa = PBXFileReference; lastKnownFileType = image.png; path = btn_press.png; sourceTree = "<group>"; };
		20A0BC92179942ED00CFB711 /* btn_press@2x.png */ = {isa = PBXFileReference; lastKnownFileType = image.png; path = "btn_press@2x.png"; sourceTree = "<group>"; };
		20A0BC93179942ED00CFB711 /* checkBox_blankCheck.png */ = {isa = PBXFileReference; lastKnownFileType = image.png; path = checkBox_blankCheck.png; sourceTree = "<group>"; };
		20A0BC94179942ED00CFB711 /* checkBox_blankCheck@2x.png */ = {isa = PBXFileReference; lastKnownFileType = image.png; path = "checkBox_blankCheck@2x.png"; sourceTree = "<group>"; };
		20A0BC95179942ED00CFB711 /* checkBox_selectCheck.png */ = {isa = PBXFileReference; lastKnownFileType = image.png; path = checkBox_selectCheck.png; sourceTree = "<group>"; };
		20A0BC96179942ED00CFB711 /* checkBox_selectCheck@2x.png */ = {isa = PBXFileReference; lastKnownFileType = image.png; path = "checkBox_selectCheck@2x.png"; sourceTree = "<group>"; };
		20A0BC97179942ED00CFB711 /* 1@2x.png */ = {isa = PBXFileReference; lastKnownFileType = image.png; path = "1@2x.png"; sourceTree = "<group>"; };
		20A0BC98179942ED00CFB711 /* 2@2x.png */ = {isa = PBXFileReference; lastKnownFileType = image.png; path = "2@2x.png"; sourceTree = "<group>"; };
		20A0BC99179942ED00CFB711 /* 3@2x.png */ = {isa = PBXFileReference; lastKnownFileType = image.png; path = "3@2x.png"; sourceTree = "<group>"; };
		20A0BC9A179942ED00CFB711 /* 4@2x.png */ = {isa = PBXFileReference; lastKnownFileType = image.png; path = "4@2x.png"; sourceTree = "<group>"; };
		20B971E917C5A03E00BA6554 /* JustWEBToShowSomeThing.h */ = {isa = PBXFileReference; fileEncoding = 4; lastKnownFileType = sourcecode.c.h; path = JustWEBToShowSomeThing.h; sourceTree = "<group>"; };
		20B971EA17C5A03E00BA6554 /* JustWEBToShowSomeThing.m */ = {isa = PBXFileReference; fileEncoding = 4; lastKnownFileType = sourcecode.c.objc; path = JustWEBToShowSomeThing.m; sourceTree = "<group>"; };
		20B971EC17C5A7BD00BA6554 /* windowBg.png */ = {isa = PBXFileReference; lastKnownFileType = image.png; path = windowBg.png; sourceTree = "<group>"; };
		20B971EE17C5AC0000BA6554 /* MovieDetailPage.h */ = {isa = PBXFileReference; fileEncoding = 4; lastKnownFileType = sourcecode.c.h; path = MovieDetailPage.h; sourceTree = "<group>"; };
		20B971EF17C5AC0000BA6554 /* MovieDetailPage.m */ = {isa = PBXFileReference; fileEncoding = 4; lastKnownFileType = sourcecode.c.objc; path = MovieDetailPage.m; sourceTree = "<group>"; };
		20B971F117C5EC0800BA6554 /* headerimage.png */ = {isa = PBXFileReference; lastKnownFileType = image.png; path = headerimage.png; sourceTree = "<group>"; };
		20D5813317C3142C0000A5C9 /* FeedBackpage.h */ = {isa = PBXFileReference; fileEncoding = 4; lastKnownFileType = sourcecode.c.h; path = FeedBackpage.h; sourceTree = "<group>"; };
		20D5813417C3142C0000A5C9 /* FeedBackpage.m */ = {isa = PBXFileReference; fileEncoding = 4; lastKnownFileType = sourcecode.c.objc; path = FeedBackpage.m; sourceTree = "<group>"; };
		20D5813617C346160000A5C9 /* LoginPage.h */ = {isa = PBXFileReference; fileEncoding = 4; lastKnownFileType = sourcecode.c.h; path = LoginPage.h; sourceTree = "<group>"; };
		20D5813717C346160000A5C9 /* LoginPage.m */ = {isa = PBXFileReference; fileEncoding = 4; lastKnownFileType = sourcecode.c.objc; path = LoginPage.m; sourceTree = "<group>"; };
		20D5813917C3462F0000A5C9 /* RegisterPage.h */ = {isa = PBXFileReference; fileEncoding = 4; lastKnownFileType = sourcecode.c.h; path = RegisterPage.h; sourceTree = "<group>"; };
		20D5813A17C3462F0000A5C9 /* RegisterPage.m */ = {isa = PBXFileReference; fileEncoding = 4; lastKnownFileType = sourcecode.c.objc; path = RegisterPage.m; sourceTree = "<group>"; };
		20D5813C17C366A80000A5C9 /* ForgetPSDPage.h */ = {isa = PBXFileReference; fileEncoding = 4; lastKnownFileType = sourcecode.c.h; path = ForgetPSDPage.h; sourceTree = "<group>"; };
		20D5813D17C366A90000A5C9 /* ForgetPSDPage.m */ = {isa = PBXFileReference; fileEncoding = 4; lastKnownFileType = sourcecode.c.objc; path = ForgetPSDPage.m; sourceTree = "<group>"; };
		20E8A4AA1797B51400160DE1 /* skin_blue_nav-menu-icon.png */ = {isa = PBXFileReference; lastKnownFileType = image.png; path = "skin_blue_nav-menu-icon.png"; sourceTree = "<group>"; };
		20E8A4B61797BE4C00160DE1 /* ExpansionTableTestData.plist */ = {isa = PBXFileReference; fileEncoding = 4; lastKnownFileType = text.plist.xml; path = ExpansionTableTestData.plist; sourceTree = "<group>"; };
		20E8A4B91797BE7C00160DE1 /* DownAccessory@2x.png */ = {isa = PBXFileReference; lastKnownFileType = image.png; path = "DownAccessory@2x.png"; sourceTree = "<group>"; };
		20E8A4BA1797BE7C00160DE1 /* UpAccessory@2x.png */ = {isa = PBXFileReference; lastKnownFileType = image.png; path = "UpAccessory@2x.png"; sourceTree = "<group>"; };
		20E8A4BB1797BE7C00160DE1 /* UpAccessory.png */ = {isa = PBXFileReference; lastKnownFileType = image.png; path = UpAccessory.png; sourceTree = "<group>"; };
		20E8A4BC1797BE7C00160DE1 /* DownAccessory.png */ = {isa = PBXFileReference; lastKnownFileType = image.png; path = DownAccessory.png; sourceTree = "<group>"; };
		20E8A4C11797C13700160DE1 /* test.png */ = {isa = PBXFileReference; lastKnownFileType = image.png; path = test.png; sourceTree = "<group>"; };
		20E8A4C31797C25700160DE1 /* skin_blue_navbar_bg@2x.png */ = {isa = PBXFileReference; lastKnownFileType = image.png; path = "skin_blue_navbar_bg@2x.png"; sourceTree = "<group>"; };
		20E8A4C51797C5E700160DE1 /* goBack.png */ = {isa = PBXFileReference; lastKnownFileType = image.png; path = goBack.png; sourceTree = "<group>"; };
		20E8A4C61797C5E700160DE1 /* goBack@2x.png */ = {isa = PBXFileReference; lastKnownFileType = image.png; path = "goBack@2x.png"; sourceTree = "<group>"; };
		20E8A4C91797C60000160DE1 /* myFriends.png */ = {isa = PBXFileReference; lastKnownFileType = image.png; path = myFriends.png; sourceTree = "<group>"; };
		20E8A4CA1797C60000160DE1 /* myFriends@2x.png */ = {isa = PBXFileReference; lastKnownFileType = image.png; path = "myFriends@2x.png"; sourceTree = "<group>"; };
		20E8A4CD1797C60C00160DE1 /* navbar.png */ = {isa = PBXFileReference; lastKnownFileType = image.png; path = navbar.png; sourceTree = "<group>"; };
		20E8A4CE1797C60C00160DE1 /* navbar@2x.png */ = {isa = PBXFileReference; lastKnownFileType = image.png; path = "navbar@2x.png"; sourceTree = "<group>"; };
		20E8A4D11797C93B00160DE1 /* Next.png */ = {isa = PBXFileReference; lastKnownFileType = image.png; path = Next.png; sourceTree = "<group>"; };
		20E8A4D21797C93C00160DE1 /* Next@2x.png */ = {isa = PBXFileReference; lastKnownFileType = image.png; path = "Next@2x.png"; sourceTree = "<group>"; };
		20E8A4D51797CF4F00160DE1 /* qie_110.png */ = {isa = PBXFileReference; lastKnownFileType = image.png; path = qie_110.png; sourceTree = "<group>"; };
		20E8A4D61797CF4F00160DE1 /* qie_110@2x.png */ = {isa = PBXFileReference; lastKnownFileType = image.png; path = "qie_110@2x.png"; sourceTree = "<group>"; };
		20E8A4DA1797D54900160DE1 /* MyLikeAuthorListPage.h */ = {isa = PBXFileReference; fileEncoding = 4; lastKnownFileType = sourcecode.c.h; path = MyLikeAuthorListPage.h; sourceTree = "<group>"; };
		20E8A4DB1797D54900160DE1 /* MyLikeAuthorListPage.m */ = {isa = PBXFileReference; fileEncoding = 4; lastKnownFileType = sourcecode.c.objc; path = MyLikeAuthorListPage.m; sourceTree = "<group>"; };
		20E8A4E61797E14E00160DE1 /* SetTingPage.h */ = {isa = PBXFileReference; fileEncoding = 4; lastKnownFileType = sourcecode.c.h; path = SetTingPage.h; sourceTree = "<group>"; };
		20E8A4E71797E14E00160DE1 /* SetTingPage.m */ = {isa = PBXFileReference; fileEncoding = 4; lastKnownFileType = sourcecode.c.objc; path = SetTingPage.m; sourceTree = "<group>"; };
		20E8A4EA1797E98E00160DE1 /* AuthorMoviesListPage.h */ = {isa = PBXFileReference; fileEncoding = 4; lastKnownFileType = sourcecode.c.h; path = AuthorMoviesListPage.h; sourceTree = "<group>"; };
		20E8A4EB1797E98E00160DE1 /* AuthorMoviesListPage.m */ = {isa = PBXFileReference; fileEncoding = 4; lastKnownFileType = sourcecode.c.objc; path = AuthorMoviesListPage.m; sourceTree = "<group>"; };
		2306E45D17966E3B00BD3808 /* test.test.png */ = {isa = PBXFileReference; lastKnownFileType = image.png; path = test.test.png; sourceTree = "<group>"; };
		2316907B17C3500000B47694 /* SystemConfiguration.framework */ = {isa = PBXFileReference; lastKnownFileType = wrapper.framework; name = SystemConfiguration.framework; path = System/Library/Frameworks/SystemConfiguration.framework; sourceTree = SDKROOT; };
		2316907D17C3500D00B47694 /* CFNetwork.framework */ = {isa = PBXFileReference; lastKnownFileType = wrapper.framework; name = CFNetwork.framework; path = System/Library/Frameworks/CFNetwork.framework; sourceTree = SDKROOT; };
		2316908017C3508B00B47694 /* MBProgressHUD.h */ = {isa = PBXFileReference; fileEncoding = 4; lastKnownFileType = sourcecode.c.h; path = MBProgressHUD.h; sourceTree = "<group>"; };
		2316908117C3508B00B47694 /* MBProgressHUD.m */ = {isa = PBXFileReference; fileEncoding = 4; lastKnownFileType = sourcecode.c.objc; path = MBProgressHUD.m; sourceTree = "<group>"; };
		2316908417C3508B00B47694 /* Tools.h */ = {isa = PBXFileReference; fileEncoding = 4; lastKnownFileType = sourcecode.c.h; path = Tools.h; sourceTree = "<group>"; };
		2316908517C3508B00B47694 /* Tools.m */ = {isa = PBXFileReference; fileEncoding = 4; lastKnownFileType = sourcecode.c.objc; path = Tools.m; sourceTree = "<group>"; };
		233A4ED817CB4996007F1143 /* MessageUI.framework */ = {isa = PBXFileReference; lastKnownFileType = wrapper.framework; name = MessageUI.framework; path = System/Library/Frameworks/MessageUI.framework; sourceTree = SDKROOT; };
		233A4EDA17CB49E6007F1143 /* CoreTelephony.framework */ = {isa = PBXFileReference; lastKnownFileType = wrapper.framework; name = CoreTelephony.framework; path = System/Library/Frameworks/CoreTelephony.framework; sourceTree = SDKROOT; };
		233A4EDC17CB4A08007F1143 /* libsqlite3.dylib */ = {isa = PBXFileReference; lastKnownFileType = "compiled.mach-o.dylib"; name = libsqlite3.dylib; path = usr/lib/libsqlite3.dylib; sourceTree = SDKROOT; };
		233A4EDE17CB4A1B007F1143 /* libstdc++.dylib */ = {isa = PBXFileReference; lastKnownFileType = "compiled.mach-o.dylib"; name = "libstdc++.dylib"; path = "usr/lib/libstdc++.dylib"; sourceTree = SDKROOT; };
		233A4EE017CB4A30007F1143 /* libicucore.dylib */ = {isa = PBXFileReference; lastKnownFileType = "compiled.mach-o.dylib"; name = libicucore.dylib; path = usr/lib/libicucore.dylib; sourceTree = SDKROOT; };
		233A4EE217CB4A3F007F1143 /* libz.1.2.5.dylib */ = {isa = PBXFileReference; lastKnownFileType = "compiled.mach-o.dylib"; name = libz.1.2.5.dylib; path = usr/lib/libz.1.2.5.dylib; sourceTree = SDKROOT; };
		233DC57417CC3E6B00822759 /* SettingCell.h */ = {isa = PBXFileReference; fileEncoding = 4; lastKnownFileType = sourcecode.c.h; path = SettingCell.h; sourceTree = "<group>"; };
		233DC57517CC3E6B00822759 /* SettingCell.m */ = {isa = PBXFileReference; fileEncoding = 4; lastKnownFileType = sourcecode.c.objc; path = SettingCell.m; sourceTree = "<group>"; };
		233DC57717CC3E8300822759 /* AuthorCell.h */ = {isa = PBXFileReference; fileEncoding = 4; lastKnownFileType = sourcecode.c.h; path = AuthorCell.h; sourceTree = "<group>"; };
		233DC57817CC3E8300822759 /* AuthorCell.m */ = {isa = PBXFileReference; fileEncoding = 4; lastKnownFileType = sourcecode.c.objc; path = AuthorCell.m; sourceTree = "<group>"; };
		233DC57917CC3E8300822759 /* MovieCell.h */ = {isa = PBXFileReference; fileEncoding = 4; lastKnownFileType = sourcecode.c.h; path = MovieCell.h; sourceTree = "<group>"; };
		233DC57A17CC3E8300822759 /* MovieCell.m */ = {isa = PBXFileReference; fileEncoding = 4; lastKnownFileType = sourcecode.c.objc; path = MovieCell.m; sourceTree = "<group>"; };
		233DC57B17CC3E8300822759 /* MyFavorAuthorCell.h */ = {isa = PBXFileReference; fileEncoding = 4; lastKnownFileType = sourcecode.c.h; path = MyFavorAuthorCell.h; sourceTree = "<group>"; };
		233DC57C17CC3E8300822759 /* MyFavorAuthorCell.m */ = {isa = PBXFileReference; fileEncoding = 4; lastKnownFileType = sourcecode.c.objc; path = MyFavorAuthorCell.m; sourceTree = "<group>"; };
		233DC58B17CC400B00822759 /* QQConnection.framework */ = {isa = PBXFileReference; lastKnownFileType = wrapper.framework; path = QQConnection.framework; sourceTree = "<group>"; };
		233DC58C17CC400B00822759 /* QZoneConnection.framework */ = {isa = PBXFileReference; lastKnownFileType = wrapper.framework; path = QZoneConnection.framework; sourceTree = "<group>"; };
		233DC58E17CC400B00822759 /* SinaWeiboConnection.framework */ = {isa = PBXFileReference; lastKnownFileType = wrapper.framework; path = SinaWeiboConnection.framework; sourceTree = "<group>"; };
		233DC58F17CC400B00822759 /* SMSConnection.framework */ = {isa = PBXFileReference; lastKnownFileType = wrapper.framework; path = SMSConnection.framework; sourceTree = "<group>"; };
		233DC59317CC400B00822759 /* TencentWeiboConnection.framework */ = {isa = PBXFileReference; lastKnownFileType = wrapper.framework; path = TencentWeiboConnection.framework; sourceTree = "<group>"; };
		233DC59517CC400B00822759 /* WeChatConnection.framework */ = {isa = PBXFileReference; lastKnownFileType = wrapper.framework; path = WeChatConnection.framework; sourceTree = "<group>"; };
		233DC59817CC400B00822759 /* AGCommon.framework */ = {isa = PBXFileReference; lastKnownFileType = wrapper.framework; path = AGCommon.framework; sourceTree = "<group>"; };
		233DC59917CC400B00822759 /* Resource.bundle */ = {isa = PBXFileReference; lastKnownFileType = "wrapper.plug-in"; path = Resource.bundle; sourceTree = "<group>"; };
		233DC59A17CC400B00822759 /* ShareSDKCoreService.framework */ = {isa = PBXFileReference; lastKnownFileType = wrapper.framework; path = ShareSDKCoreService.framework; sourceTree = "<group>"; };
		233DC59B17CC400B00822759 /* ShareSDKLocalizable.strings */ = {isa = PBXFileReference; fileEncoding = 4; lastKnownFileType = text.plist.strings; path = ShareSDKLocalizable.strings; sourceTree = "<group>"; };
		233DC59E17CC400B00822759 /* RennSDK.bundle */ = {isa = PBXFileReference; lastKnownFileType = "wrapper.plug-in"; path = RennSDK.bundle; sourceTree = "<group>"; };
		233DC59F17CC400B00822759 /* RennSDK.framework */ = {isa = PBXFileReference; lastKnownFileType = wrapper.framework; path = RennSDK.framework; sourceTree = "<group>"; };
		233DC5A117CC400B00822759 /* libWeChatSDK_armv7_armv7s.a */ = {isa = PBXFileReference; lastKnownFileType = archive.ar; path = libWeChatSDK_armv7_armv7s.a; sourceTree = "<group>"; };
		233DC5A217CC400B00822759 /* WXApi.h */ = {isa = PBXFileReference; fileEncoding = 4; lastKnownFileType = sourcecode.c.h; path = WXApi.h; sourceTree = "<group>"; };
		233DC5A317CC400B00822759 /* WXApiObject.h */ = {isa = PBXFileReference; fileEncoding = 4; lastKnownFileType = sourcecode.c.h; path = WXApiObject.h; sourceTree = "<group>"; };
		233DC5A417CC400B00822759 /* TencentOpenAPI.framework */ = {isa = PBXFileReference; lastKnownFileType = wrapper.framework; path = TencentOpenAPI.framework; sourceTree = "<group>"; };
		233DC5A517CC400B00822759 /* TencentOpenApi_IOS_Bundle.bundle */ = {isa = PBXFileReference; lastKnownFileType = "wrapper.plug-in"; path = TencentOpenApi_IOS_Bundle.bundle; sourceTree = "<group>"; };
		233DC5A717CC400B00822759 /* libWeiboSDK.a */ = {isa = PBXFileReference; lastKnownFileType = archive.ar; path = libWeiboSDK.a; sourceTree = "<group>"; };
		233DC5A817CC400B00822759 /* WBApi.h */ = {isa = PBXFileReference; fileEncoding = 4; lastKnownFileType = sourcecode.c.h; path = WBApi.h; sourceTree = "<group>"; };
		233DC5A917CC400B00822759 /* WBApiObject.h */ = {isa = PBXFileReference; fileEncoding = 4; lastKnownFileType = sourcecode.c.h; path = WBApiObject.h; sourceTree = "<group>"; };
		233DC5AA17CC400B00822759 /* ShareSDK.framework */ = {isa = PBXFileReference; lastKnownFileType = wrapper.framework; path = ShareSDK.framework; sourceTree = "<group>"; };
		233DC5B017CC400B00822759 /* ShareSDKiPhoneAppRecommendShareViewUI.framework */ = {isa = PBXFileReference; lastKnownFileType = wrapper.framework; path = ShareSDKiPhoneAppRecommendShareViewUI.framework; sourceTree = "<group>"; };
		233DC5B117CC400B00822759 /* ShareSDKiPhoneDefaultShareViewUI.bundle */ = {isa = PBXFileReference; lastKnownFileType = "wrapper.plug-in"; path = ShareSDKiPhoneDefaultShareViewUI.bundle; sourceTree = "<group>"; };
		233DC5B217CC400B00822759 /* ShareSDKiPhoneDefaultShareViewUI.framework */ = {isa = PBXFileReference; lastKnownFileType = wrapper.framework; path = ShareSDKiPhoneDefaultShareViewUI.framework; sourceTree = "<group>"; };
		233DC5B317CC400B00822759 /* ShareSDKiPhoneSimpleShareViewUI.bundle */ = {isa = PBXFileReference; lastKnownFileType = "wrapper.plug-in"; path = ShareSDKiPhoneSimpleShareViewUI.bundle; sourceTree = "<group>"; };
		233DC5B417CC400B00822759 /* ShareSDKiPhoneSimpleShareViewUI.framework */ = {isa = PBXFileReference; lastKnownFileType = wrapper.framework; path = ShareSDKiPhoneSimpleShareViewUI.framework; sourceTree = "<group>"; };
		23AA7CE11794E0C700C7A8B1 /* UIViewAdditions.h */ = {isa = PBXFileReference; fileEncoding = 4; lastKnownFileType = sourcecode.c.h; path = UIViewAdditions.h; sourceTree = "<group>"; };
		23AA7CE21794E0C700C7A8B1 /* UIViewAdditions.m */ = {isa = PBXFileReference; fileEncoding = 4; lastKnownFileType = sourcecode.c.objc; path = UIViewAdditions.m; sourceTree = "<group>"; };
		23AA7CED1794E10400C7A8B1 /* WZGuideViewController.h */ = {isa = PBXFileReference; fileEncoding = 4; lastKnownFileType = sourcecode.c.h; path = WZGuideViewController.h; sourceTree = "<group>"; };
		23AA7CEE1794E10400C7A8B1 /* WZGuideViewController.m */ = {isa = PBXFileReference; fileEncoding = 4; lastKnownFileType = sourcecode.c.objc; path = WZGuideViewController.m; sourceTree = "<group>"; };
		23AA7CF71794E2C300C7A8B1 /* LeftViewController.h */ = {isa = PBXFileReference; fileEncoding = 4; lastKnownFileType = sourcecode.c.h; path = LeftViewController.h; sourceTree = "<group>"; };
		23AA7CF81794E2C300C7A8B1 /* LeftViewController.m */ = {isa = PBXFileReference; fileEncoding = 4; lastKnownFileType = sourcecode.c.objc; path = LeftViewController.m; sourceTree = "<group>"; };
		23AA7CFA179518FC00C7A8B1 /* Header.h */ = {isa = PBXFileReference; fileEncoding = 4; lastKnownFileType = sourcecode.c.h; path = Header.h; sourceTree = "<group>"; };
		23AA7D011795424A00C7A8B1 /* UserViewController.h */ = {isa = PBXFileReference; fileEncoding = 4; lastKnownFileType = sourcecode.c.h; path = UserViewController.h; sourceTree = "<group>"; };
		23AA7D021795424A00C7A8B1 /* UserViewController.m */ = {isa = PBXFileReference; fileEncoding = 4; lastKnownFileType = sourcecode.c.objc; path = UserViewController.m; sourceTree = "<group>"; };
		23AA7D0417954B1900C7A8B1 /* Public_ViewController.h */ = {isa = PBXFileReference; fileEncoding = 4; lastKnownFileType = sourcecode.c.h; path = Public_ViewController.h; sourceTree = "<group>"; };
		23AA7D0517954B1900C7A8B1 /* Public_ViewController.m */ = {isa = PBXFileReference; fileEncoding = 4; lastKnownFileType = sourcecode.c.objc; path = Public_ViewController.m; sourceTree = "<group>"; };
		23DA1F4C17938B030092FB0F /* CIS_Game_video.app */ = {isa = PBXFileReference; explicitFileType = wrapper.application; includeInIndex = 0; path = CIS_Game_video.app; sourceTree = BUILT_PRODUCTS_DIR; };
		23DA1F4F17938B030092FB0F /* UIKit.framework */ = {isa = PBXFileReference; lastKnownFileType = wrapper.framework; name = UIKit.framework; path = System/Library/Frameworks/UIKit.framework; sourceTree = SDKROOT; };
		23DA1F5117938B030092FB0F /* Foundation.framework */ = {isa = PBXFileReference; lastKnownFileType = wrapper.framework; name = Foundation.framework; path = System/Library/Frameworks/Foundation.framework; sourceTree = SDKROOT; };
		23DA1F5317938B030092FB0F /* CoreGraphics.framework */ = {isa = PBXFileReference; lastKnownFileType = wrapper.framework; name = CoreGraphics.framework; path = System/Library/Frameworks/CoreGraphics.framework; sourceTree = SDKROOT; };
		23DA1F5717938B030092FB0F /* CIS_Game_video-Info.plist */ = {isa = PBXFileReference; lastKnownFileType = text.plist.xml; path = "CIS_Game_video-Info.plist"; sourceTree = "<group>"; };
		23DA1F5917938B030092FB0F /* en */ = {isa = PBXFileReference; lastKnownFileType = text.plist.strings; name = en; path = en.lproj/InfoPlist.strings; sourceTree = "<group>"; };
		23DA1F5B17938B030092FB0F /* main.m */ = {isa = PBXFileReference; lastKnownFileType = sourcecode.c.objc; path = main.m; sourceTree = "<group>"; };
		23DA1F5D17938B030092FB0F /* CIS_Game_video-Prefix.pch */ = {isa = PBXFileReference; lastKnownFileType = sourcecode.c.h; path = "CIS_Game_video-Prefix.pch"; sourceTree = "<group>"; };
		23DA1F5E17938B030092FB0F /* AppDelegate.h */ = {isa = PBXFileReference; lastKnownFileType = sourcecode.c.h; path = AppDelegate.h; sourceTree = "<group>"; };
		23DA1F5F17938B030092FB0F /* AppDelegate.m */ = {isa = PBXFileReference; lastKnownFileType = sourcecode.c.objc; path = AppDelegate.m; sourceTree = "<group>"; };
		23DA1F6117938B030092FB0F /* Default.png */ = {isa = PBXFileReference; lastKnownFileType = image.png; path = Default.png; sourceTree = "<group>"; };
		23DA1F6317938B030092FB0F /* Default@2x.png */ = {isa = PBXFileReference; lastKnownFileType = image.png; path = "Default@2x.png"; sourceTree = "<group>"; };
		23DA1F6517938B030092FB0F /* Default-568h@2x.png */ = {isa = PBXFileReference; lastKnownFileType = image.png; path = "Default-568h@2x.png"; sourceTree = "<group>"; };
		23DA1F6C17938B740092FB0F /* RootViewController.h */ = {isa = PBXFileReference; fileEncoding = 4; lastKnownFileType = sourcecode.c.h; path = RootViewController.h; sourceTree = "<group>"; };
		23DA1F6D17938B740092FB0F /* RootViewController.m */ = {isa = PBXFileReference; fileEncoding = 4; lastKnownFileType = sourcecode.c.objc; path = RootViewController.m; sourceTree = "<group>"; };
		23DA1F7A17938F790092FB0F /* iCarousel.h */ = {isa = PBXFileReference; fileEncoding = 4; lastKnownFileType = sourcecode.c.h; path = iCarousel.h; sourceTree = "<group>"; };
		23DA1F7B17938F790092FB0F /* iCarousel.m */ = {isa = PBXFileReference; fileEncoding = 4; lastKnownFileType = sourcecode.c.objc; path = iCarousel.m; sourceTree = "<group>"; };
		23DA1F7D17938F9A0092FB0F /* QuartzCore.framework */ = {isa = PBXFileReference; lastKnownFileType = wrapper.framework; name = QuartzCore.framework; path = System/Library/Frameworks/QuartzCore.framework; sourceTree = SDKROOT; };
		23DA1F7F1793904E0092FB0F /* Animation_Turn_View.h */ = {isa = PBXFileReference; fileEncoding = 4; lastKnownFileType = sourcecode.c.h; path = Animation_Turn_View.h; sourceTree = "<group>"; };
		23DA1F801793904E0092FB0F /* Animation_Turn_View.m */ = {isa = PBXFileReference; fileEncoding = 4; lastKnownFileType = sourcecode.c.objc; path = Animation_Turn_View.m; sourceTree = "<group>"; };
		23DA1F861793BB960092FB0F /* SBView.h */ = {isa = PBXFileReference; fileEncoding = 4; lastKnownFileType = sourcecode.c.h; path = SBView.h; sourceTree = "<group>"; };
		23DA1F871793BB960092FB0F /* SBView.m */ = {isa = PBXFileReference; fileEncoding = 4; lastKnownFileType = sourcecode.c.objc; path = SBView.m; sourceTree = "<group>"; };
/* End PBXFileReference section */

/* Begin PBXFrameworksBuildPhase section */
		23DA1F4917938B030092FB0F /* Frameworks */ = {
			isa = PBXFrameworksBuildPhase;
			buildActionMask = 2147483647;
			files = (
				2074011D17D0297A00B08A38 /* MobileCoreServices.framework in Frameworks */,
				2074011B17D0296900B08A38 /* libz.dylib in Frameworks */,
				2074011917D0295E00B08A38 /* libxml2.dylib in Frameworks */,
				233A4EE317CB4A3F007F1143 /* libz.1.2.5.dylib in Frameworks */,
				233A4EE117CB4A30007F1143 /* libicucore.dylib in Frameworks */,
				233A4EDF17CB4A1B007F1143 /* libstdc++.dylib in Frameworks */,
				233A4EDD17CB4A08007F1143 /* libsqlite3.dylib in Frameworks */,
				233A4EDB17CB49E6007F1143 /* CoreTelephony.framework in Frameworks */,
				233A4ED917CB4996007F1143 /* MessageUI.framework in Frameworks */,
				2316907E17C3500D00B47694 /* CFNetwork.framework in Frameworks */,
				2316907C17C3500000B47694 /* SystemConfiguration.framework in Frameworks */,
				23DA1F7E17938F9A0092FB0F /* QuartzCore.framework in Frameworks */,
				23DA1F5017938B030092FB0F /* UIKit.framework in Frameworks */,
				23DA1F5217938B030092FB0F /* Foundation.framework in Frameworks */,
				23DA1F5417938B030092FB0F /* CoreGraphics.framework in Frameworks */,
				233DC5BE17CC400B00822759 /* QQConnection.framework in Frameworks */,
				233DC5BF17CC400B00822759 /* QZoneConnection.framework in Frameworks */,
				233DC5C117CC400B00822759 /* SinaWeiboConnection.framework in Frameworks */,
				233DC5C217CC400B00822759 /* SMSConnection.framework in Frameworks */,
				233DC5C617CC400B00822759 /* TencentWeiboConnection.framework in Frameworks */,
				233DC5C817CC400C00822759 /* WeChatConnection.framework in Frameworks */,
				233DC5CA17CC400C00822759 /* AGCommon.framework in Frameworks */,
				233DC5CC17CC400C00822759 /* ShareSDKCoreService.framework in Frameworks */,
				233DC5CF17CC400C00822759 /* RennSDK.framework in Frameworks */,
				233DC5D017CC400C00822759 /* libWeChatSDK_armv7_armv7s.a in Frameworks */,
				233DC5D117CC400C00822759 /* TencentOpenAPI.framework in Frameworks */,
				233DC5D317CC400C00822759 /* libWeiboSDK.a in Frameworks */,
				233DC5D417CC400C00822759 /* ShareSDK.framework in Frameworks */,
				233DC5D917CC400C00822759 /* ShareSDKiPhoneAppRecommendShareViewUI.framework in Frameworks */,
				233DC5DB17CC400C00822759 /* ShareSDKiPhoneDefaultShareViewUI.framework in Frameworks */,
				233DC5DD17CC400C00822759 /* ShareSDKiPhoneSimpleShareViewUI.framework in Frameworks */,
			);
			runOnlyForDeploymentPostprocessing = 0;
		};
/* End PBXFrameworksBuildPhase section */

/* Begin PBXGroup section */
		2045085617C6F2560062A6D8 /* HMSegmentedControl */ = {
			isa = PBXGroup;
			children = (
				2045085717C6F2560062A6D8 /* HMSegmentedControl.h */,
				2045085817C6F2560062A6D8 /* HMSegmentedControl.m */,
			);
			path = HMSegmentedControl;
			sourceTree = "<group>";
		};
		207400C917D028C800B08A38 /* ASI */ = {
			isa = PBXGroup;
			children = (
				207400CA17D028C800B08A38 /* ASIAuthenticationDialog.h */,
				207400CB17D028C800B08A38 /* ASIAuthenticationDialog.m */,
				207400CC17D028C800B08A38 /* ASICacheDelegate.h */,
				207400CD17D028C800B08A38 /* ASIDataCompressor.h */,
				207400CE17D028C800B08A38 /* ASIDataCompressor.m */,
				207400CF17D028C800B08A38 /* ASIDataDecompressor.h */,
				207400D017D028C800B08A38 /* ASIDataDecompressor.m */,
				207400D117D028C800B08A38 /* ASIDownloadCache.h */,
				207400D217D028C800B08A38 /* ASIDownloadCache.m */,
				207400D317D028C800B08A38 /* ASIFormDataRequest.h */,
				207400D417D028C800B08A38 /* ASIFormDataRequest.m */,
				207400D517D028C800B08A38 /* ASIHTTPRequest.h */,
				207400D617D028C800B08A38 /* ASIHTTPRequest.m */,
				207400D717D028C800B08A38 /* ASIHTTPRequestConfig.h */,
				207400D817D028C800B08A38 /* ASIHTTPRequestDelegate.h */,
				207400D917D028C800B08A38 /* ASIInputStream.h */,
				207400DA17D028C800B08A38 /* ASIInputStream.m */,
				207400DB17D028C800B08A38 /* ASINetworkQueue.h */,
				207400DC17D028C800B08A38 /* ASINetworkQueue.m */,
				207400DD17D028C800B08A38 /* ASIProgressDelegate.h */,
				207400DE17D028C800B08A38 /* CloudFiles */,
				207400ED17D028C800B08A38 /* Reachability */,
				207400F017D028C800B08A38 /* S3 */,
			);
			path = ASI;
			sourceTree = "<group>";
		};
		207400DE17D028C800B08A38 /* CloudFiles */ = {
			isa = PBXGroup;
			children = (
				207400DF17D028C800B08A38 /* ASICloudFilesCDNRequest.h */,
				207400E017D028C800B08A38 /* ASICloudFilesCDNRequest.m */,
				207400E117D028C800B08A38 /* ASICloudFilesContainer.h */,
				207400E217D028C800B08A38 /* ASICloudFilesContainer.m */,
				207400E317D028C800B08A38 /* ASICloudFilesContainerRequest.h */,
				207400E417D028C800B08A38 /* ASICloudFilesContainerRequest.m */,
				207400E517D028C800B08A38 /* ASICloudFilesContainerXMLParserDelegate.h */,
				207400E617D028C800B08A38 /* ASICloudFilesContainerXMLParserDelegate.m */,
				207400E717D028C800B08A38 /* ASICloudFilesObject.h */,
				207400E817D028C800B08A38 /* ASICloudFilesObject.m */,
				207400E917D028C800B08A38 /* ASICloudFilesObjectRequest.h */,
				207400EA17D028C800B08A38 /* ASICloudFilesObjectRequest.m */,
				207400EB17D028C800B08A38 /* ASICloudFilesRequest.h */,
				207400EC17D028C800B08A38 /* ASICloudFilesRequest.m */,
			);
			path = CloudFiles;
			sourceTree = "<group>";
		};
		207400ED17D028C800B08A38 /* Reachability */ = {
			isa = PBXGroup;
			children = (
				207400EE17D028C800B08A38 /* Reachability.h */,
				207400EF17D028C800B08A38 /* Reachability.m */,
			);
			path = Reachability;
			sourceTree = "<group>";
		};
		207400F017D028C800B08A38 /* S3 */ = {
			isa = PBXGroup;
			children = (
				207400F117D028C800B08A38 /* ASINSXMLParserCompat.h */,
				207400F217D028C800B08A38 /* ASIS3Bucket.h */,
				207400F317D028C800B08A38 /* ASIS3Bucket.m */,
				207400F417D028C800B08A38 /* ASIS3BucketObject.h */,
				207400F517D028C800B08A38 /* ASIS3BucketObject.m */,
				207400F617D028C800B08A38 /* ASIS3BucketRequest.h */,
				207400F717D028C800B08A38 /* ASIS3BucketRequest.m */,
				207400F817D028C800B08A38 /* ASIS3ObjectRequest.h */,
				207400F917D028C800B08A38 /* ASIS3ObjectRequest.m */,
				207400FA17D028C800B08A38 /* ASIS3Request.h */,
				207400FB17D028C800B08A38 /* ASIS3Request.m */,
				207400FC17D028C800B08A38 /* ASIS3ServiceRequest.h */,
				207400FD17D028C800B08A38 /* ASIS3ServiceRequest.m */,
			);
			path = S3;
			sourceTree = "<group>";
		};
		2074011417D028E300B08A38 /* JsonKit */ = {
			isa = PBXGroup;
			children = (
				2074011517D028FC00B08A38 /* JSONKit.h */,
				2074011617D028FC00B08A38 /* JSONKit.m */,
			);
			name = JsonKit;
			sourceTree = "<group>";
		};
		2074012417D070D200B08A38 /* GroupViewCell */ = {
			isa = PBXGroup;
			children = (
				2074012517D070E300B08A38 /* Cell.h */,
				2074012617D070E300B08A38 /* Cell.m */,
			);
			name = GroupViewCell;
			sourceTree = "<group>";
		};
		2074012817D0710D00B08A38 /* AsynImageView */ = {
			isa = PBXGroup;
			children = (
				2074012917D0712C00B08A38 /* AsynImageView.h */,
				2074012A17D0712C00B08A38 /* AsynImageView.m */,
			);
			name = AsynImageView;
			sourceTree = "<group>";
		};
		2074012C17D0713600B08A38 /* GroupView */ = {
			isa = PBXGroup;
			children = (
				2074012D17D0714600B08A38 /* GroupView.h */,
				2074012E17D0714600B08A38 /* GroupView.m */,
			);
			name = GroupView;
			sourceTree = "<group>";
		};
		20A0BC8A17993CEC00CFB711 /* AboutUS */ = {
			isa = PBXGroup;
			children = (
				20A0BC8B17993D0D00CFB711 /* AboutUsPage.h */,
				20A0BC8C17993D0D00CFB711 /* AboutUsPage.m */,
				20D5813317C3142C0000A5C9 /* FeedBackpage.h */,
				20D5813417C3142C0000A5C9 /* FeedBackpage.m */,
				20B971E917C5A03E00BA6554 /* JustWEBToShowSomeThing.h */,
				20B971EA17C5A03E00BA6554 /* JustWEBToShowSomeThing.m */,
			);
			name = AboutUS;
			sourceTree = "<group>";
		};
		20A0BC8E179942D800CFB711 /* GuideImages */ = {
			isa = PBXGroup;
			children = (
				20A0BC8F179942ED00CFB711 /* btn_nor.png */,
				20A0BC90179942ED00CFB711 /* btn_nor@2x.png */,
				20A0BC91179942ED00CFB711 /* btn_press.png */,
				20A0BC92179942ED00CFB711 /* btn_press@2x.png */,
				20A0BC93179942ED00CFB711 /* checkBox_blankCheck.png */,
				20A0BC94179942ED00CFB711 /* checkBox_blankCheck@2x.png */,
				20A0BC95179942ED00CFB711 /* checkBox_selectCheck.png */,
				20A0BC96179942ED00CFB711 /* checkBox_selectCheck@2x.png */,
				20A0BC97179942ED00CFB711 /* 1@2x.png */,
				20A0BC98179942ED00CFB711 /* 2@2x.png */,
				20A0BC99179942ED00CFB711 /* 3@2x.png */,
				20A0BC9A179942ED00CFB711 /* 4@2x.png */,
			);
			name = GuideImages;
			sourceTree = "<group>";
		};
		20E8A4B51797BE3C00160DE1 /* TestData */ = {
			isa = PBXGroup;
			children = (
				20E8A4B61797BE4C00160DE1 /* ExpansionTableTestData.plist */,
			);
			name = TestData;
			sourceTree = "<group>";
		};
		20E8A4B81797BE5900160DE1 /* UpAndDownImages */ = {
			isa = PBXGroup;
			children = (
				20E8A4B91797BE7C00160DE1 /* DownAccessory@2x.png */,
				20E8A4BA1797BE7C00160DE1 /* UpAccessory@2x.png */,
				20E8A4BB1797BE7C00160DE1 /* UpAccessory.png */,
				20E8A4BC1797BE7C00160DE1 /* DownAccessory.png */,
			);
			name = UpAndDownImages;
			sourceTree = "<group>";
		};
		20E8A4D91797D51900160DE1 /* MyLikeAuthorListPage */ = {
			isa = PBXGroup;
			children = (
				20E8A4DA1797D54900160DE1 /* MyLikeAuthorListPage.h */,
				20E8A4DB1797D54900160DE1 /* MyLikeAuthorListPage.m */,
			);
			name = MyLikeAuthorListPage;
			sourceTree = "<group>";
		};
		20E8A4E51797E13700160DE1 /* SetTingPage */ = {
			isa = PBXGroup;
			children = (
				20A0BC8717993C8700CFB711 /* NetSettingPage.h */,
				20A0BC8817993C8700CFB711 /* NetSettingPage.m */,
				20E8A4E61797E14E00160DE1 /* SetTingPage.h */,
				20E8A4E71797E14E00160DE1 /* SetTingPage.m */,
			);
			name = SetTingPage;
			sourceTree = "<group>";
		};
		20E8A4E91797E96200160DE1 /* AthorMoviesListPage */ = {
			isa = PBXGroup;
			children = (
				20E8A4EA1797E98E00160DE1 /* AuthorMoviesListPage.h */,
				20E8A4EB1797E98E00160DE1 /* AuthorMoviesListPage.m */,
			);
			name = AthorMoviesListPage;
			sourceTree = "<group>";
		};
		2306E45917962EB600BD3808 /* User */ = {
			isa = PBXGroup;
			children = (
				23AA7D011795424A00C7A8B1 /* UserViewController.h */,
				23AA7D021795424A00C7A8B1 /* UserViewController.m */,
				20903B1E17C48C560052EF21 /* ChangePSDPage.h */,
				20903B1F17C48C560052EF21 /* ChangePSDPage.m */,
				23505AAE17990A4400CC7549 /* LoginAndRegisterPageAndForgetPsd */,
			);
			name = User;
			sourceTree = "<group>";
		};
		2306E45A1796626300BD3808 /* JustViewsORpublicViews */ = {
			isa = PBXGroup;
			children = (
				23DA1F851793B8AD0092FB0F /* JustViews */,
				23AA7D0417954B1900C7A8B1 /* Public_ViewController.h */,
				23AA7D0517954B1900C7A8B1 /* Public_ViewController.m */,
			);
			name = JustViewsORpublicViews;
			sourceTree = "<group>";
		};
		2316907F17C3505600B47694 /* ModelssAndTools */ = {
			isa = PBXGroup;
			children = (
				2074013017D0722C00B08A38 /* plant1.jpg */,
				2074012C17D0713600B08A38 /* GroupView */,
				2074012817D0710D00B08A38 /* AsynImageView */,
				2074012417D070D200B08A38 /* GroupViewCell */,
				233DC57317CC3E5700822759 /* MyCell */,
				23AA7CFA179518FC00C7A8B1 /* Header.h */,
				2074012117D032DC00B08A38 /* RequestTools.h */,
				2074012217D032DC00B08A38 /* RequestTools.m */,
				2316908017C3508B00B47694 /* MBProgressHUD.h */,
				2316908117C3508B00B47694 /* MBProgressHUD.m */,
				2316908417C3508B00B47694 /* Tools.h */,
				2316908517C3508B00B47694 /* Tools.m */,
				20903B1A17C450900052EF21 /* PublciViewsTools.h */,
				20903B1B17C450900052EF21 /* PublciViewsTools.m */,
			);
			name = ModelssAndTools;
			sourceTree = "<group>";
		};
		233DC51517CC38B300822759 /* ShareSDK */ = {
			isa = PBXGroup;
			children = (
			);
			name = ShareSDK;
			sourceTree = "<group>";
		};
		233DC57317CC3E5700822759 /* MyCell */ = {
			isa = PBXGroup;
			children = (
				233DC57417CC3E6B00822759 /* SettingCell.h */,
				233DC57517CC3E6B00822759 /* SettingCell.m */,
				233DC57717CC3E8300822759 /* AuthorCell.h */,
				233DC57817CC3E8300822759 /* AuthorCell.m */,
				233DC57917CC3E8300822759 /* MovieCell.h */,
				233DC57A17CC3E8300822759 /* MovieCell.m */,
				233DC57B17CC3E8300822759 /* MyFavorAuthorCell.h */,
				233DC57C17CC3E8300822759 /* MyFavorAuthorCell.m */,
			);
			name = MyCell;
			sourceTree = "<group>";
		};
		233DC58017CC400B00822759 /* ShareSDK_v2.3.1 */ = {
			isa = PBXGroup;
			children = (
				233DC58117CC400B00822759 /* Connection */,
				233DC59717CC400B00822759 /* Core */,
				233DC59C17CC400B00822759 /* Extend */,
				233DC5AA17CC400B00822759 /* ShareSDK.framework */,
				233DC5AB17CC400B00822759 /* UI */,
			);
			path = ShareSDK_v2.3.1;
			sourceTree = "<group>";
		};
		233DC58117CC400B00822759 /* Connection */ = {
			isa = PBXGroup;
			children = (
				233DC58B17CC400B00822759 /* QQConnection.framework */,
				233DC58C17CC400B00822759 /* QZoneConnection.framework */,
				233DC58E17CC400B00822759 /* SinaWeiboConnection.framework */,
				233DC58F17CC400B00822759 /* SMSConnection.framework */,
				233DC59317CC400B00822759 /* TencentWeiboConnection.framework */,
				233DC59517CC400B00822759 /* WeChatConnection.framework */,
			);
			path = Connection;
			sourceTree = "<group>";
		};
		233DC59717CC400B00822759 /* Core */ = {
			isa = PBXGroup;
			children = (
				233DC59817CC400B00822759 /* AGCommon.framework */,
				233DC59917CC400B00822759 /* Resource.bundle */,
				233DC59A17CC400B00822759 /* ShareSDKCoreService.framework */,
				233DC59B17CC400B00822759 /* ShareSDKLocalizable.strings */,
			);
			path = Core;
			sourceTree = "<group>";
		};
		233DC59C17CC400B00822759 /* Extend */ = {
			isa = PBXGroup;
			children = (
				233DC59D17CC400B00822759 /* RenRenSDK */,
				233DC5A017CC400B00822759 /* SDKExport */,
				233DC5A417CC400B00822759 /* TencentOpenAPI.framework */,
				233DC5A517CC400B00822759 /* TencentOpenApi_IOS_Bundle.bundle */,
				233DC5A617CC400B00822759 /* TencentWeiboSSO */,
			);
			path = Extend;
			sourceTree = "<group>";
		};
		233DC59D17CC400B00822759 /* RenRenSDK */ = {
			isa = PBXGroup;
			children = (
				233DC59E17CC400B00822759 /* RennSDK.bundle */,
				233DC59F17CC400B00822759 /* RennSDK.framework */,
			);
			path = RenRenSDK;
			sourceTree = "<group>";
		};
		233DC5A017CC400B00822759 /* SDKExport */ = {
			isa = PBXGroup;
			children = (
				233DC5A117CC400B00822759 /* libWeChatSDK_armv7_armv7s.a */,
				233DC5A217CC400B00822759 /* WXApi.h */,
				233DC5A317CC400B00822759 /* WXApiObject.h */,
			);
			path = SDKExport;
			sourceTree = "<group>";
		};
		233DC5A617CC400B00822759 /* TencentWeiboSSO */ = {
			isa = PBXGroup;
			children = (
				233DC5A717CC400B00822759 /* libWeiboSDK.a */,
				233DC5A817CC400B00822759 /* WBApi.h */,
				233DC5A917CC400B00822759 /* WBApiObject.h */,
			);
			path = TencentWeiboSSO;
			sourceTree = "<group>";
		};
		233DC5AB17CC400B00822759 /* UI */ = {
			isa = PBXGroup;
			children = (
				233DC5B017CC400B00822759 /* ShareSDKiPhoneAppRecommendShareViewUI.framework */,
				233DC5B117CC400B00822759 /* ShareSDKiPhoneDefaultShareViewUI.bundle */,
				233DC5B217CC400B00822759 /* ShareSDKiPhoneDefaultShareViewUI.framework */,
				233DC5B317CC400B00822759 /* ShareSDKiPhoneSimpleShareViewUI.bundle */,
				233DC5B417CC400B00822759 /* ShareSDKiPhoneSimpleShareViewUI.framework */,
			);
			path = UI;
			sourceTree = "<group>";
		};
		23505AAE17990A4400CC7549 /* LoginAndRegisterPageAndForgetPsd */ = {
			isa = PBXGroup;
			children = (
				20D5813617C346160000A5C9 /* LoginPage.h */,
				20D5813717C346160000A5C9 /* LoginPage.m */,
				20D5813917C3462F0000A5C9 /* RegisterPage.h */,
				20D5813A17C3462F0000A5C9 /* RegisterPage.m */,
				20D5813C17C366A80000A5C9 /* ForgetPSDPage.h */,
				20D5813D17C366A90000A5C9 /* ForgetPSDPage.m */,
			);
			name = LoginAndRegisterPageAndForgetPsd;
			sourceTree = "<group>";
		};
		23AA7CF01794E12700C7A8B1 /* ThirdSDK */ = {
			isa = PBXGroup;
			children = (
				2074011417D028E300B08A38 /* JsonKit */,
				207400C917D028C800B08A38 /* ASI */,
				233DC58017CC400B00822759 /* ShareSDK_v2.3.1 */,
				233DC51517CC38B300822759 /* ShareSDK */,
				2045085617C6F2560062A6D8 /* HMSegmentedControl */,
				23DA1F841793B8940092FB0F /* Icarousel */,
				23AA7CF31794E1A300C7A8B1 /* GuideView */,
				23AA7CF21794E16500C7A8B1 /* UIview_Category */,
				23AA7CF11794E14200C7A8B1 /* Deck */,
			);
			name = ThirdSDK;
			sourceTree = "<group>";
		};
		23AA7CF11794E14200C7A8B1 /* Deck */ = {
			isa = PBXGroup;
			children = (
				203B8023179CBA7E0083016C /* IIWrapController.m */,
				203B8024179CBA7F0083016C /* IIWrapController.h */,
				203B8025179CBA7F0083016C /* IISideController.h */,
				203B8026179CBA7F0083016C /* IISideController.m */,
				203B8027179CBA7F0083016C /* IIViewDeckController.m */,
				203B8028179CBA7F0083016C /* IIViewDeckController.h */,
			);
			name = Deck;
			sourceTree = "<group>";
		};
		23AA7CF21794E16500C7A8B1 /* UIview_Category */ = {
			isa = PBXGroup;
			children = (
				23AA7CE11794E0C700C7A8B1 /* UIViewAdditions.h */,
				23AA7CE21794E0C700C7A8B1 /* UIViewAdditions.m */,
			);
			name = UIview_Category;
			sourceTree = "<group>";
		};
		23AA7CF31794E1A300C7A8B1 /* GuideView */ = {
			isa = PBXGroup;
			children = (
				23AA7CED1794E10400C7A8B1 /* WZGuideViewController.h */,
				23AA7CEE1794E10400C7A8B1 /* WZGuideViewController.m */,
			);
			name = GuideView;
			sourceTree = "<group>";
		};
		23AA7CF41794E1D900C7A8B1 /* Image */ = {
			isa = PBXGroup;
			children = (
				20A0BC8E179942D800CFB711 /* GuideImages */,
				20E8A4B81797BE5900160DE1 /* UpAndDownImages */,
				20E8A4AA1797B51400160DE1 /* skin_blue_nav-menu-icon.png */,
				20E8A4C51797C5E700160DE1 /* goBack.png */,
				20E8A4C61797C5E700160DE1 /* goBack@2x.png */,
				20E8A4C31797C25700160DE1 /* skin_blue_navbar_bg@2x.png */,
				20E8A4D11797C93B00160DE1 /* Next.png */,
				20A0BC821799392F00CFB711 /* smile32.png */,
				20E8A4D21797C93C00160DE1 /* Next@2x.png */,
				20E8A4C91797C60000160DE1 /* myFriends.png */,
				20E8A4CA1797C60000160DE1 /* myFriends@2x.png */,
				20E8A4D51797CF4F00160DE1 /* qie_110.png */,
				20E8A4D61797CF4F00160DE1 /* qie_110@2x.png */,
				20E8A4CD1797C60C00160DE1 /* navbar.png */,
				20E8A4CE1797C60C00160DE1 /* navbar@2x.png */,
				20E8A4C11797C13700160DE1 /* test.png */,
				2306E45D17966E3B00BD3808 /* test.test.png */,
			);
			name = Image;
			sourceTree = "<group>";
		};
		23AA7CF51794E20900C7A8B1 /* CenterVIewController */ = {
			isa = PBXGroup;
			children = (
				20E8A4E91797E96200160DE1 /* AthorMoviesListPage */,
				23DA1F6C17938B740092FB0F /* RootViewController.h */,
				23DA1F6D17938B740092FB0F /* RootViewController.m */,
				23DA1F901793D6A60092FB0F /* showVIew */,
				20B971EE17C5AC0000BA6554 /* MovieDetailPage.h */,
				20B971EF17C5AC0000BA6554 /* MovieDetailPage.m */,
			);
			name = CenterVIewController;
			sourceTree = "<group>";
		};
		23AA7CF61794E28200C7A8B1 /* LeftViewController */ = {
			isa = PBXGroup;
			children = (
				20A0BC8A17993CEC00CFB711 /* AboutUS */,
				20E8A4E51797E13700160DE1 /* SetTingPage */,
				20E8A4D91797D51900160DE1 /* MyLikeAuthorListPage */,
				2306E45A1796626300BD3808 /* JustViewsORpublicViews */,
				2306E45917962EB600BD3808 /* User */,
				23AA7CF71794E2C300C7A8B1 /* LeftViewController.h */,
				23AA7CF81794E2C300C7A8B1 /* LeftViewController.m */,
			);
			name = LeftViewController;
			sourceTree = "<group>";
		};
		23DA1F4317938B030092FB0F = {
			isa = PBXGroup;
			children = (
				23DA1F5517938B030092FB0F /* CIS_Game_video */,
				23DA1F4E17938B030092FB0F /* Frameworks */,
				23DA1F4D17938B030092FB0F /* Products */,
			);
			sourceTree = "<group>";
		};
		23DA1F4D17938B030092FB0F /* Products */ = {
			isa = PBXGroup;
			children = (
				23DA1F4C17938B030092FB0F /* CIS_Game_video.app */,
			);
			name = Products;
			sourceTree = "<group>";
		};
		23DA1F4E17938B030092FB0F /* Frameworks */ = {
			isa = PBXGroup;
			children = (
				233A4EDA17CB49E6007F1143 /* CoreTelephony.framework */,
				233A4ED817CB4996007F1143 /* MessageUI.framework */,
				233A4EE217CB4A3F007F1143 /* libz.1.2.5.dylib */,
				2074011C17D0297A00B08A38 /* MobileCoreServices.framework */,
				2074011A17D0296900B08A38 /* libz.dylib */,
				2074011817D0295E00B08A38 /* libxml2.dylib */,
				233A4EE017CB4A30007F1143 /* libicucore.dylib */,
				233A4EDE17CB4A1B007F1143 /* libstdc++.dylib */,
				233A4EDC17CB4A08007F1143 /* libsqlite3.dylib */,
				2316907B17C3500000B47694 /* SystemConfiguration.framework */,
				2316907D17C3500D00B47694 /* CFNetwork.framework */,
				23DA1F7D17938F9A0092FB0F /* QuartzCore.framework */,
				23DA1F4F17938B030092FB0F /* UIKit.framework */,
				23DA1F5117938B030092FB0F /* Foundation.framework */,
				23DA1F5317938B030092FB0F /* CoreGraphics.framework */,
			);
			name = Frameworks;
			sourceTree = "<group>";
		};
		23DA1F5517938B030092FB0F /* CIS_Game_video */ = {
			isa = PBXGroup;
			children = (
				2316907F17C3505600B47694 /* ModelssAndTools */,
				20E8A4B51797BE3C00160DE1 /* TestData */,
				23AA7CF41794E1D900C7A8B1 /* Image */,
				23AA7CF01794E12700C7A8B1 /* ThirdSDK */,
				23AA7CF51794E20900C7A8B1 /* CenterVIewController */,
				23AA7CF61794E28200C7A8B1 /* LeftViewController */,
				23DA1F5617938B030092FB0F /* Supporting Files */,
			);
			path = CIS_Game_video;
			sourceTree = "<group>";
		};
		23DA1F5617938B030092FB0F /* Supporting Files */ = {
			isa = PBXGroup;
			children = (
				20B971EC17C5A7BD00BA6554 /* windowBg.png */,
				23DA1F5F17938B030092FB0F /* AppDelegate.m */,
				23DA1F5E17938B030092FB0F /* AppDelegate.h */,
				23DA1F5717938B030092FB0F /* CIS_Game_video-Info.plist */,
				23DA1F5817938B030092FB0F /* InfoPlist.strings */,
				23DA1F5B17938B030092FB0F /* main.m */,
				23DA1F5D17938B030092FB0F /* CIS_Game_video-Prefix.pch */,
				23DA1F6117938B030092FB0F /* Default.png */,
				23DA1F6317938B030092FB0F /* Default@2x.png */,
				23DA1F6517938B030092FB0F /* Default-568h@2x.png */,
			);
			name = "Supporting Files";
			sourceTree = "<group>";
		};
		23DA1F841793B8940092FB0F /* Icarousel */ = {
			isa = PBXGroup;
			children = (
				23DA1F7A17938F790092FB0F /* iCarousel.h */,
				23DA1F7B17938F790092FB0F /* iCarousel.m */,
			);
			name = Icarousel;
			sourceTree = "<group>";
		};
		23DA1F851793B8AD0092FB0F /* JustViews */ = {
			isa = PBXGroup;
			children = (
				23DA1F7F1793904E0092FB0F /* Animation_Turn_View.h */,
				23DA1F801793904E0092FB0F /* Animation_Turn_View.m */,
			);
			name = JustViews;
			sourceTree = "<group>";
		};
		23DA1F901793D6A60092FB0F /* showVIew */ = {
			isa = PBXGroup;
			children = (
				20B971F117C5EC0800BA6554 /* headerimage.png */,
				23DA1F861793BB960092FB0F /* SBView.h */,
				23DA1F871793BB960092FB0F /* SBView.m */,
			);
			name = showVIew;
			sourceTree = "<group>";
		};
/* End PBXGroup section */

/* Begin PBXNativeTarget section */
		23DA1F4B17938B030092FB0F /* CIS_Game_video */ = {
			isa = PBXNativeTarget;
			buildConfigurationList = 23DA1F6917938B030092FB0F /* Build configuration list for PBXNativeTarget "CIS_Game_video" */;
			buildPhases = (
				23DA1F4817938B030092FB0F /* Sources */,
				23DA1F4917938B030092FB0F /* Frameworks */,
				23DA1F4A17938B030092FB0F /* Resources */,
			);
			buildRules = (
			);
			dependencies = (
			);
			name = CIS_Game_video;
			productName = CIS_Game_video;
			productReference = 23DA1F4C17938B030092FB0F /* CIS_Game_video.app */;
			productType = "com.apple.product-type.application";
		};
/* End PBXNativeTarget section */

/* Begin PBXProject section */
		23DA1F4417938B030092FB0F /* Project object */ = {
			isa = PBXProject;
			attributes = {
				LastUpgradeCheck = 0460;
				ORGANIZATIONNAME = huangfang;
			};
			buildConfigurationList = 23DA1F4717938B030092FB0F /* Build configuration list for PBXProject "CIS_Game_video" */;
			compatibilityVersion = "Xcode 3.2";
			developmentRegion = English;
			hasScannedForEncodings = 0;
			knownRegions = (
				en,
			);
			mainGroup = 23DA1F4317938B030092FB0F;
			productRefGroup = 23DA1F4D17938B030092FB0F /* Products */;
			projectDirPath = "";
			projectRoot = "";
			targets = (
				23DA1F4B17938B030092FB0F /* CIS_Game_video */,
			);
		};
/* End PBXProject section */

/* Begin PBXResourcesBuildPhase section */
		23DA1F4A17938B030092FB0F /* Resources */ = {
			isa = PBXResourcesBuildPhase;
			buildActionMask = 2147483647;
			files = (
				23DA1F5A17938B030092FB0F /* InfoPlist.strings in Resources */,
				23DA1F6217938B030092FB0F /* Default.png in Resources */,
				23DA1F6417938B030092FB0F /* Default@2x.png in Resources */,
				23DA1F6617938B030092FB0F /* Default-568h@2x.png in Resources */,
				2306E45E17966E3B00BD3808 /* test.test.png in Resources */,
				20E8A4AB1797B51400160DE1 /* skin_blue_nav-menu-icon.png in Resources */,
				20E8A4B71797BE4C00160DE1 /* ExpansionTableTestData.plist in Resources */,
				20E8A4BD1797BE7C00160DE1 /* DownAccessory@2x.png in Resources */,
				20E8A4BE1797BE7C00160DE1 /* UpAccessory@2x.png in Resources */,
				20E8A4BF1797BE7C00160DE1 /* UpAccessory.png in Resources */,
				20E8A4C01797BE7C00160DE1 /* DownAccessory.png in Resources */,
				20E8A4C21797C13700160DE1 /* test.png in Resources */,
				20E8A4C41797C25700160DE1 /* skin_blue_navbar_bg@2x.png in Resources */,
				20E8A4C71797C5E700160DE1 /* goBack.png in Resources */,
				20E8A4C81797C5E700160DE1 /* goBack@2x.png in Resources */,
				20E8A4CB1797C60000160DE1 /* myFriends.png in Resources */,
				20E8A4CC1797C60000160DE1 /* myFriends@2x.png in Resources */,
				20E8A4CF1797C60D00160DE1 /* navbar.png in Resources */,
				20E8A4D01797C60D00160DE1 /* navbar@2x.png in Resources */,
				20E8A4D31797C93C00160DE1 /* Next.png in Resources */,
				20E8A4D41797C93C00160DE1 /* Next@2x.png in Resources */,
				20E8A4D71797CF4F00160DE1 /* qie_110.png in Resources */,
				20E8A4D81797CF4F00160DE1 /* qie_110@2x.png in Resources */,
				20A0BC831799392F00CFB711 /* smile32.png in Resources */,
				20A0BC9B179942ED00CFB711 /* btn_nor.png in Resources */,
				20A0BC9C179942ED00CFB711 /* btn_nor@2x.png in Resources */,
				20A0BC9D179942ED00CFB711 /* btn_press.png in Resources */,
				20A0BC9E179942ED00CFB711 /* btn_press@2x.png in Resources */,
				20A0BC9F179942ED00CFB711 /* checkBox_blankCheck.png in Resources */,
				20A0BCA0179942ED00CFB711 /* checkBox_blankCheck@2x.png in Resources */,
				20A0BCA1179942ED00CFB711 /* checkBox_selectCheck.png in Resources */,
				20A0BCA2179942ED00CFB711 /* checkBox_selectCheck@2x.png in Resources */,
				20A0BCA3179942ED00CFB711 /* 1@2x.png in Resources */,
				20A0BCA4179942ED00CFB711 /* 2@2x.png in Resources */,
				20A0BCA5179942ED00CFB711 /* 3@2x.png in Resources */,
				20A0BCA6179942ED00CFB711 /* 4@2x.png in Resources */,
				20B971ED17C5A7BD00BA6554 /* windowBg.png in Resources */,
				20B971F217C5EC0800BA6554 /* headerimage.png in Resources */,
				233DC5CB17CC400C00822759 /* Resource.bundle in Resources */,
				233DC5CD17CC400C00822759 /* ShareSDKLocalizable.strings in Resources */,
				233DC5CE17CC400C00822759 /* RennSDK.bundle in Resources */,
				233DC5D217CC400C00822759 /* TencentOpenApi_IOS_Bundle.bundle in Resources */,
				233DC5DA17CC400C00822759 /* ShareSDKiPhoneDefaultShareViewUI.bundle in Resources */,
				233DC5DC17CC400C00822759 /* ShareSDKiPhoneSimpleShareViewUI.bundle in Resources */,
				2074013117D0722D00B08A38 /* plant1.jpg in Resources */,
			);
			runOnlyForDeploymentPostprocessing = 0;
		};
/* End PBXResourcesBuildPhase section */

/* Begin PBXSourcesBuildPhase section */
		23DA1F4817938B030092FB0F /* Sources */ = {
			isa = PBXSourcesBuildPhase;
			buildActionMask = 2147483647;
			files = (
				23DA1F5C17938B030092FB0F /* main.m in Sources */,
				23DA1F6017938B030092FB0F /* AppDelegate.m in Sources */,
				23DA1F6E17938B740092FB0F /* RootViewController.m in Sources */,
				23DA1F7C17938F790092FB0F /* iCarousel.m in Sources */,
				23DA1F811793904E0092FB0F /* Animation_Turn_View.m in Sources */,
				23DA1F881793BB960092FB0F /* SBView.m in Sources */,
				23AA7CE31794E0C700C7A8B1 /* UIViewAdditions.m in Sources */,
				23AA7CEF1794E10400C7A8B1 /* WZGuideViewController.m in Sources */,
				23AA7CF91794E2C300C7A8B1 /* LeftViewController.m in Sources */,
				23AA7D031795424A00C7A8B1 /* UserViewController.m in Sources */,
				23AA7D0617954B1900C7A8B1 /* Public_ViewController.m in Sources */,
				20E8A4DC1797D54900160DE1 /* MyLikeAuthorListPage.m in Sources */,
				20E8A4E81797E14E00160DE1 /* SetTingPage.m in Sources */,
				20E8A4EC1797E98E00160DE1 /* AuthorMoviesListPage.m in Sources */,
				20A0BC8917993C8700CFB711 /* NetSettingPage.m in Sources */,
				20A0BC8D17993D0D00CFB711 /* AboutUsPage.m in Sources */,
				203B8029179CBA7F0083016C /* IIWrapController.m in Sources */,
				203B802A179CBA7F0083016C /* IISideController.m in Sources */,
				203B802B179CBA7F0083016C /* IIViewDeckController.m in Sources */,
				20D5813517C3142C0000A5C9 /* FeedBackpage.m in Sources */,
				20D5813817C346160000A5C9 /* LoginPage.m in Sources */,
				20D5813B17C3462F0000A5C9 /* RegisterPage.m in Sources */,
				2316908617C3508B00B47694 /* MBProgressHUD.m in Sources */,
				2316908817C3508B00B47694 /* Tools.m in Sources */,
				20D5813E17C366A90000A5C9 /* ForgetPSDPage.m in Sources */,
				20903B1C17C450900052EF21 /* PublciViewsTools.m in Sources */,
				20903B2017C48C570052EF21 /* ChangePSDPage.m in Sources */,
				20B971EB17C5A03E00BA6554 /* JustWEBToShowSomeThing.m in Sources */,
				20B971F017C5AC0000BA6554 /* MovieDetailPage.m in Sources */,
				2045085917C6F2560062A6D8 /* HMSegmentedControl.m in Sources */,
				233DC57617CC3E6B00822759 /* SettingCell.m in Sources */,
				233DC57D17CC3E8300822759 /* AuthorCell.m in Sources */,
				233DC57E17CC3E8300822759 /* MovieCell.m in Sources */,
				233DC57F17CC3E8300822759 /* MyFavorAuthorCell.m in Sources */,
				207400FE17D028C800B08A38 /* ASIAuthenticationDialog.m in Sources */,
				207400FF17D028C800B08A38 /* ASIDataCompressor.m in Sources */,
				2074010017D028C800B08A38 /* ASIDataDecompressor.m in Sources */,
				2074010117D028C800B08A38 /* ASIDownloadCache.m in Sources */,
				2074010217D028C800B08A38 /* ASIFormDataRequest.m in Sources */,
				2074010317D028C800B08A38 /* ASIHTTPRequest.m in Sources */,
				2074010417D028C800B08A38 /* ASIInputStream.m in Sources */,
				2074010517D028C800B08A38 /* ASINetworkQueue.m in Sources */,
				2074010617D028C800B08A38 /* ASICloudFilesCDNRequest.m in Sources */,
				2074010717D028C800B08A38 /* ASICloudFilesContainer.m in Sources */,
				2074010817D028C800B08A38 /* ASICloudFilesContainerRequest.m in Sources */,
				2074010917D028C800B08A38 /* ASICloudFilesContainerXMLParserDelegate.m in Sources */,
				2074010A17D028C800B08A38 /* ASICloudFilesObject.m in Sources */,
				2074010B17D028C800B08A38 /* ASICloudFilesObjectRequest.m in Sources */,
				2074010C17D028C800B08A38 /* ASICloudFilesRequest.m in Sources */,
				2074010D17D028C800B08A38 /* Reachability.m in Sources */,
				2074010E17D028C800B08A38 /* ASIS3Bucket.m in Sources */,
				2074010F17D028C800B08A38 /* ASIS3BucketObject.m in Sources */,
				2074011017D028C800B08A38 /* ASIS3BucketRequest.m in Sources */,
				2074011117D028C800B08A38 /* ASIS3ObjectRequest.m in Sources */,
				2074011217D028C800B08A38 /* ASIS3Request.m in Sources */,
				2074011317D028C800B08A38 /* ASIS3ServiceRequest.m in Sources */,
				2074011717D028FC00B08A38 /* JSONKit.m in Sources */,
				2074012317D032DC00B08A38 /* RequestTools.m in Sources */,
				2074012717D070E300B08A38 /* Cell.m in Sources */,
				2074012B17D0712C00B08A38 /* AsynImageView.m in Sources */,
				2074012F17D0714600B08A38 /* GroupView.m in Sources */,
			);
			runOnlyForDeploymentPostprocessing = 0;
		};
/* End PBXSourcesBuildPhase section */

/* Begin PBXVariantGroup section */
		23DA1F5817938B030092FB0F /* InfoPlist.strings */ = {
			isa = PBXVariantGroup;
			children = (
				23DA1F5917938B030092FB0F /* en */,
			);
			name = InfoPlist.strings;
			sourceTree = "<group>";
		};
/* End PBXVariantGroup section */

/* Begin XCBuildConfiguration section */
		23DA1F6717938B030092FB0F /* Debug */ = {
			isa = XCBuildConfiguration;
			buildSettings = {
				ALWAYS_SEARCH_USER_PATHS = NO;
				CLANG_CXX_LANGUAGE_STANDARD = "gnu++0x";
				CLANG_CXX_LIBRARY = "libc++";
				CLANG_WARN_CONSTANT_CONVERSION = YES;
				CLANG_WARN_EMPTY_BODY = YES;
				CLANG_WARN_ENUM_CONVERSION = YES;
				CLANG_WARN_INT_CONVERSION = YES;
				CLANG_WARN__DUPLICATE_METHOD_MATCH = YES;
				"CODE_SIGN_IDENTITY[sdk=iphoneos*]" = "iPhone Developer";
				COPY_PHASE_STRIP = NO;
				GCC_C_LANGUAGE_STANDARD = gnu99;
				GCC_DYNAMIC_NO_PIC = NO;
				GCC_OPTIMIZATION_LEVEL = 0;
				GCC_PREPROCESSOR_DEFINITIONS = (
					"DEBUG=1",
					"$(inherited)",
				);
				GCC_SYMBOLS_PRIVATE_EXTERN = NO;
				GCC_WARN_ABOUT_RETURN_TYPE = YES;
				GCC_WARN_UNINITIALIZED_AUTOS = YES;
				GCC_WARN_UNUSED_VARIABLE = YES;
				IPHONEOS_DEPLOYMENT_TARGET = 6.1;
				ONLY_ACTIVE_ARCH = YES;
				OTHER_LDFLAGS = "-lxml2";
				SDKROOT = iphoneos;
				TARGETED_DEVICE_FAMILY = "1,2";
			};
			name = Debug;
		};
		23DA1F6817938B030092FB0F /* Release */ = {
			isa = XCBuildConfiguration;
			buildSettings = {
				ALWAYS_SEARCH_USER_PATHS = NO;
				CLANG_CXX_LANGUAGE_STANDARD = "gnu++0x";
				CLANG_CXX_LIBRARY = "libc++";
				CLANG_WARN_CONSTANT_CONVERSION = YES;
				CLANG_WARN_EMPTY_BODY = YES;
				CLANG_WARN_ENUM_CONVERSION = YES;
				CLANG_WARN_INT_CONVERSION = YES;
				CLANG_WARN__DUPLICATE_METHOD_MATCH = YES;
				"CODE_SIGN_IDENTITY[sdk=iphoneos*]" = "iPhone Developer";
				COPY_PHASE_STRIP = YES;
				GCC_C_LANGUAGE_STANDARD = gnu99;
				GCC_WARN_ABOUT_RETURN_TYPE = YES;
				GCC_WARN_UNINITIALIZED_AUTOS = YES;
				GCC_WARN_UNUSED_VARIABLE = YES;
				IPHONEOS_DEPLOYMENT_TARGET = 6.1;
				OTHER_CFLAGS = "-DNS_BLOCK_ASSERTIONS=1";
				OTHER_LDFLAGS = "-lxml2";
				SDKROOT = iphoneos;
				TARGETED_DEVICE_FAMILY = "1,2";
				VALIDATE_PRODUCT = YES;
			};
			name = Release;
		};
		23DA1F6A17938B030092FB0F /* Debug */ = {
			isa = XCBuildConfiguration;
			buildSettings = {
				FRAMEWORK_SEARCH_PATHS = (
					"$(inherited)",
					"\"$(SRCROOT)/CIS_Game_video/ShareSDK_v2.3.1/Connection\"",
					"\"$(SRCROOT)/CIS_Game_video/ShareSDK_v2.3.1/Core\"",
					"\"$(SRCROOT)/CIS_Game_video/ShareSDK_v2.3.1/Extend/RenRenSDK\"",
					"\"$(SRCROOT)/CIS_Game_video/ShareSDK_v2.3.1/Extend\"",
					"\"$(SRCROOT)/CIS_Game_video/ShareSDK_v2.3.1\"",
					"\"$(SRCROOT)/CIS_Game_video/ShareSDK_v2.3.1/UI\"",
					"\"$(SRCROOT)/CIS_Game_video/ShareSDK_v2.3.1/Connection/UI\"",
					"\"$(SRCROOT)/CIS_Game_video/Connection\"",
					"\"$(SRCROOT)/CIS_Game_video/Core\"",
					"\"$(SRCROOT)/CIS_Game_video/Extend/RenRenSDK\"",
					"\"$(SRCROOT)/CIS_Game_video/Extend\"",
					"\"$(SRCROOT)/CIS_Game_video\"",
					"\"$(SRCROOT)/CIS_Game_video/UI\"",
				);
				GCC_PRECOMPILE_PREFIX_HEADER = YES;
				GCC_PREFIX_HEADER = "CIS_Game_video/CIS_Game_video-Prefix.pch";
				HEADER_SEARCH_PATHS = /usr/include/libxml2;
				INFOPLIST_FILE = "CIS_Game_video/CIS_Game_video-Info.plist";
				LIBRARY_SEARCH_PATHS = (
					"$(inherited)",
					"\"$(SRCROOT)/CIS_Game_video/ShareSDK_v2.3.1/Extend/SDKExport\"",
					"\"$(SRCROOT)/CIS_Game_video/ShareSDK_v2.3.1/Extend/TencentWeiboSSO\"",
					"\"$(SRCROOT)/CIS_Game_video/Extend/SDKExport\"",
					"\"$(SRCROOT)/CIS_Game_video/Extend/TencentWeiboSSO\"",
				);
				PRODUCT_NAME = "$(TARGET_NAME)";
				TARGETED_DEVICE_FAMILY = 1;
				WRAPPER_EXTENSION = app;
			};
			name = Debug;
		};
		23DA1F6B17938B030092FB0F /* Release */ = {
			isa = XCBuildConfiguration;
			buildSettings = {
				FRAMEWORK_SEARCH_PATHS = (
					"$(inherited)",
					"\"$(SRCROOT)/CIS_Game_video/ShareSDK_v2.3.1/Connection\"",
					"\"$(SRCROOT)/CIS_Game_video/ShareSDK_v2.3.1/Core\"",
					"\"$(SRCROOT)/CIS_Game_video/ShareSDK_v2.3.1/Extend/RenRenSDK\"",
					"\"$(SRCROOT)/CIS_Game_video/ShareSDK_v2.3.1/Extend\"",
					"\"$(SRCROOT)/CIS_Game_video/ShareSDK_v2.3.1\"",
					"\"$(SRCROOT)/CIS_Game_video/ShareSDK_v2.3.1/UI\"",
					"\"$(SRCROOT)/CIS_Game_video/ShareSDK_v2.3.1/Connection/UI\"",
					"\"$(SRCROOT)/CIS_Game_video/Connection\"",
					"\"$(SRCROOT)/CIS_Game_video/Core\"",
					"\"$(SRCROOT)/CIS_Game_video/Extend/RenRenSDK\"",
					"\"$(SRCROOT)/CIS_Game_video/Extend\"",
					"\"$(SRCROOT)/CIS_Game_video\"",
					"\"$(SRCROOT)/CIS_Game_video/UI\"",
				);
				GCC_PRECOMPILE_PREFIX_HEADER = YES;
				GCC_PREFIX_HEADER = "CIS_Game_video/CIS_Game_video-Prefix.pch";
				HEADER_SEARCH_PATHS = /usr/include/libxml2;
				INFOPLIST_FILE = "CIS_Game_video/CIS_Game_video-Info.plist";
				LIBRARY_SEARCH_PATHS = (
					"$(inherited)",
					"\"$(SRCROOT)/CIS_Game_video/ShareSDK_v2.3.1/Extend/SDKExport\"",
					"\"$(SRCROOT)/CIS_Game_video/ShareSDK_v2.3.1/Extend/TencentWeiboSSO\"",
					"\"$(SRCROOT)/CIS_Game_video/Extend/SDKExport\"",
					"\"$(SRCROOT)/CIS_Game_video/Extend/TencentWeiboSSO\"",
				);
				PRODUCT_NAME = "$(TARGET_NAME)";
				TARGETED_DEVICE_FAMILY = 1;
				WRAPPER_EXTENSION = app;
			};
			name = Release;
		};
/* End XCBuildConfiguration section */

/* Begin XCConfigurationList section */
		23DA1F4717938B030092FB0F /* Build configuration list for PBXProject "CIS_Game_video" */ = {
			isa = XCConfigurationList;
			buildConfigurations = (
				23DA1F6717938B030092FB0F /* Debug */,
				23DA1F6817938B030092FB0F /* Release */,
			);
			defaultConfigurationIsVisible = 0;
			defaultConfigurationName = Release;
		};
		23DA1F6917938B030092FB0F /* Build configuration list for PBXNativeTarget "CIS_Game_video" */ = {
			isa = XCConfigurationList;
			buildConfigurations = (
				23DA1F6A17938B030092FB0F /* Debug */,
				23DA1F6B17938B030092FB0F /* Release */,
			);
			defaultConfigurationIsVisible = 0;
			defaultConfigurationName = Release;
		};
/* End XCConfigurationList section */
	};
	rootObject = 23DA1F4417938B030092FB0F /* Project object */;
}
